// !$*UTF8*$!
{
	archiveVersion = 1;
	classes = {
	};
	objectVersion = 54;
	objects = {

/* Begin PBXBuildFile section */
		2185052625E9015100A9D46C /* CloudStorageApi.swift in Sources */ = {isa = PBXBuildFile; fileRef = 2185052525E9015100A9D46C /* CloudStorageApi.swift */; };
		2185052925E941BC00A9D46C /* CloudStorageTest.storyboard in Resources */ = {isa = PBXBuildFile; fileRef = 2185052825E941BC00A9D46C /* CloudStorageTest.storyboard */; };
		2185052C25E941E900A9D46C /* CloudStorageTestViewController.swift in Sources */ = {isa = PBXBuildFile; fileRef = 2185052B25E941E900A9D46C /* CloudStorageTestViewController.swift */; };
		2185054E25E98B3A00A9D46C /* Core.swift in Sources */ = {isa = PBXBuildFile; fileRef = 2185054D25E98B3A00A9D46C /* Core.swift */; };
		2185055425EA75EC00A9D46C /* Error.swift in Sources */ = {isa = PBXBuildFile; fileRef = 2185055325EA75EC00A9D46C /* Error.swift */; };
		2185055925EA8E7F00A9D46C /* Notifiable.swift in Sources */ = {isa = PBXBuildFile; fileRef = 2185055825EA8E7F00A9D46C /* Notifiable.swift */; };
		21A8364725E02252005933AE /* FirestoreTest.storyboard in Resources */ = {isa = PBXBuildFile; fileRef = 21A8364625E02252005933AE /* FirestoreTest.storyboard */; };
		21A8364D25E022DC005933AE /* FirestoreTestViewController.swift in Sources */ = {isa = PBXBuildFile; fileRef = 21A8364C25E022DC005933AE /* FirestoreTestViewController.swift */; };
		21A8365225E023E4005933AE /* FirestoreApi.swift in Sources */ = {isa = PBXBuildFile; fileRef = 21A8365125E023E4005933AE /* FirestoreApi.swift */; };
		21A8367125E0364B005933AE /* RecipeExt.swift in Sources */ = {isa = PBXBuildFile; fileRef = 21A8367025E0364B005933AE /* RecipeExt.swift */; };
		21F2AE4325E2881900C6F973 /* Recipe.swift in Sources */ = {isa = PBXBuildFile; fileRef = 21F2AE4225E2881900C6F973 /* Recipe.swift */; };
		21F2AE4725E288ED00C6F973 /* UpdateTrackableProtocol.swift in Sources */ = {isa = PBXBuildFile; fileRef = 21F2AE4625E288ED00C6F973 /* UpdateTrackableProtocol.swift */; };
		21F2AE4B25E2DFA300C6F973 /* RecipeComponents.swift in Sources */ = {isa = PBXBuildFile; fileRef = 21F2AE4A25E2DFA300C6F973 /* RecipeComponents.swift */; };
		21F2AE5225E3A39600C6F973 /* User.swift in Sources */ = {isa = PBXBuildFile; fileRef = 21F2AE5125E3A39600C6F973 /* User.swift */; };
		21F2AE5625E3B44300C6F973 /* CrudProtocol.swift in Sources */ = {isa = PBXBuildFile; fileRef = 21F2AE5525E3B44300C6F973 /* CrudProtocol.swift */; };
		27EEED4B96116007E5C80910 /* Pods_YumFun.framework in Frameworks */ = {isa = PBXBuildFile; fileRef = 0F8AF42751F2B66D075A2993 /* Pods_YumFun.framework */; };
		84A8860025DD9374004684DA /* GoogleService-Info.plist in Resources */ = {isa = PBXBuildFile; fileRef = 84A885FF25DD9374004684DA /* GoogleService-Info.plist */; };
		84A8865F25E3316A004684DA /* swift+gif.swift in Sources */ = {isa = PBXBuildFile; fileRef = 84A8865E25E3316A004684DA /* swift+gif.swift */; };
		84A8866225E3317F004684DA /* flavors-of-youth.gif in Resources */ = {isa = PBXBuildFile; fileRef = 84A8866125E3317F004684DA /* flavors-of-youth.gif */; };
		84A8866E25E33B0C004684DA /* LaunchScreenController.swift in Sources */ = {isa = PBXBuildFile; fileRef = 84A8866D25E33B0C004684DA /* LaunchScreenController.swift */; };
		84A8867C25E34EAA004684DA /* SignUpViewController.swift in Sources */ = {isa = PBXBuildFile; fileRef = 84A8867B25E34EAA004684DA /* SignUpViewController.swift */; };
		A137B12D25EAE241009A661D /* DiscoverTextCell.swift in Sources */ = {isa = PBXBuildFile; fileRef = A137B12525EAE241009A661D /* DiscoverTextCell.swift */; };
		A137B12E25EAE241009A661D /* RecipeDetailViewController.swift in Sources */ = {isa = PBXBuildFile; fileRef = A137B12625EAE241009A661D /* RecipeDetailViewController.swift */; };
		A137B13125EAE241009A661D /* DiscoverViewController.swift in Sources */ = {isa = PBXBuildFile; fileRef = A137B12925EAE241009A661D /* DiscoverViewController.swift */; };
		A137B13225EAE241009A661D /* DiscoverImageCell.swift in Sources */ = {isa = PBXBuildFile; fileRef = A137B12A25EAE241009A661D /* DiscoverImageCell.swift */; };
		A137B13325EAE241009A661D /* CircularImageView.swift in Sources */ = {isa = PBXBuildFile; fileRef = A137B12B25EAE241009A661D /* CircularImageView.swift */; };
		C56C5D0F25E4524900DD1CD7 /* RecipePreviewCellController.swift in Sources */ = {isa = PBXBuildFile; fileRef = C56C5D0C25E4524900DD1CD7 /* RecipePreviewCellController.swift */; };
		C56C5D1025E4524900DD1CD7 /* ProfileViewController.swift in Sources */ = {isa = PBXBuildFile; fileRef = C56C5D0D25E4524900DD1CD7 /* ProfileViewController.swift */; };
		C56C5D1125E4524900DD1CD7 /* ProfileEditPage.swift in Sources */ = {isa = PBXBuildFile; fileRef = C56C5D0E25E4524900DD1CD7 /* ProfileEditPage.swift */; };
		C57662BB25DBF9D600642CF2 /* AppDelegate.swift in Sources */ = {isa = PBXBuildFile; fileRef = C57662BA25DBF9D600642CF2 /* AppDelegate.swift */; };
		C57662BD25DBF9D600642CF2 /* SceneDelegate.swift in Sources */ = {isa = PBXBuildFile; fileRef = C57662BC25DBF9D600642CF2 /* SceneDelegate.swift */; };
		C57662BF25DBF9D600642CF2 /* ViewController.swift in Sources */ = {isa = PBXBuildFile; fileRef = C57662BE25DBF9D600642CF2 /* ViewController.swift */; };
		C57662C225DBF9D600642CF2 /* Main.storyboard in Resources */ = {isa = PBXBuildFile; fileRef = C57662C025DBF9D600642CF2 /* Main.storyboard */; };
		C57662C425DBF9D700642CF2 /* Assets.xcassets in Resources */ = {isa = PBXBuildFile; fileRef = C57662C325DBF9D700642CF2 /* Assets.xcassets */; };
		C57662C725DBF9D700642CF2 /* LaunchScreen.storyboard in Resources */ = {isa = PBXBuildFile; fileRef = C57662C525DBF9D700642CF2 /* LaunchScreen.storyboard */; };
		C5F6B44E25E7218100EA5ACE /* EditDetailController.swift in Sources */ = {isa = PBXBuildFile; fileRef = C5F6B44D25E7218100EA5ACE /* EditDetailController.swift */; };
		C5FD261125EC0E2200EA28E0 /* ImagePickerManager.swift in Sources */ = {isa = PBXBuildFile; fileRef = C5FD261025EC0E2200EA28E0 /* ImagePickerManager.swift */; };
/* End PBXBuildFile section */

/* Begin PBXFileReference section */
		0F8AF42751F2B66D075A2993 /* Pods_YumFun.framework */ = {isa = PBXFileReference; explicitFileType = wrapper.framework; includeInIndex = 0; path = Pods_YumFun.framework; sourceTree = BUILT_PRODUCTS_DIR; };
		19808E7616160D342C2D7749 /* Pods-YumFun.debug.xcconfig */ = {isa = PBXFileReference; includeInIndex = 1; lastKnownFileType = text.xcconfig; name = "Pods-YumFun.debug.xcconfig"; path = "Target Support Files/Pods-YumFun/Pods-YumFun.debug.xcconfig"; sourceTree = "<group>"; };
		2185052525E9015100A9D46C /* CloudStorageApi.swift */ = {isa = PBXFileReference; lastKnownFileType = sourcecode.swift; path = CloudStorageApi.swift; sourceTree = "<group>"; };
		2185052825E941BC00A9D46C /* CloudStorageTest.storyboard */ = {isa = PBXFileReference; lastKnownFileType = file.storyboard; path = CloudStorageTest.storyboard; sourceTree = "<group>"; };
		2185052B25E941E900A9D46C /* CloudStorageTestViewController.swift */ = {isa = PBXFileReference; lastKnownFileType = sourcecode.swift; path = CloudStorageTestViewController.swift; sourceTree = "<group>"; };
		2185054D25E98B3A00A9D46C /* Core.swift */ = {isa = PBXFileReference; lastKnownFileType = sourcecode.swift; path = Core.swift; sourceTree = "<group>"; };
		2185055325EA75EC00A9D46C /* Error.swift */ = {isa = PBXFileReference; lastKnownFileType = sourcecode.swift; path = Error.swift; sourceTree = "<group>"; };
		2185055825EA8E7F00A9D46C /* Notifiable.swift */ = {isa = PBXFileReference; lastKnownFileType = sourcecode.swift; path = Notifiable.swift; sourceTree = "<group>"; };
		21A8364625E02252005933AE /* FirestoreTest.storyboard */ = {isa = PBXFileReference; lastKnownFileType = file.storyboard; path = FirestoreTest.storyboard; sourceTree = "<group>"; };
		21A8364C25E022DC005933AE /* FirestoreTestViewController.swift */ = {isa = PBXFileReference; lastKnownFileType = sourcecode.swift; path = FirestoreTestViewController.swift; sourceTree = "<group>"; };
		21A8365125E023E4005933AE /* FirestoreApi.swift */ = {isa = PBXFileReference; lastKnownFileType = sourcecode.swift; path = FirestoreApi.swift; sourceTree = "<group>"; };
		21A8367025E0364B005933AE /* RecipeExt.swift */ = {isa = PBXFileReference; lastKnownFileType = sourcecode.swift; path = RecipeExt.swift; sourceTree = "<group>"; };
		21F2AE4225E2881900C6F973 /* Recipe.swift */ = {isa = PBXFileReference; fileEncoding = 4; lastKnownFileType = sourcecode.swift; path = Recipe.swift; sourceTree = "<group>"; };
		21F2AE4625E288ED00C6F973 /* UpdateTrackableProtocol.swift */ = {isa = PBXFileReference; lastKnownFileType = sourcecode.swift; path = UpdateTrackableProtocol.swift; sourceTree = "<group>"; };
		21F2AE4A25E2DFA300C6F973 /* RecipeComponents.swift */ = {isa = PBXFileReference; lastKnownFileType = sourcecode.swift; path = RecipeComponents.swift; sourceTree = "<group>"; };
		21F2AE5125E3A39600C6F973 /* User.swift */ = {isa = PBXFileReference; lastKnownFileType = sourcecode.swift; path = User.swift; sourceTree = "<group>"; };
		21F2AE5525E3B44300C6F973 /* CrudProtocol.swift */ = {isa = PBXFileReference; lastKnownFileType = sourcecode.swift; path = CrudProtocol.swift; sourceTree = "<group>"; };
		84A885FF25DD9374004684DA /* GoogleService-Info.plist */ = {isa = PBXFileReference; fileEncoding = 4; lastKnownFileType = text.plist.xml; path = "GoogleService-Info.plist"; sourceTree = "<group>"; };
		84A8865E25E3316A004684DA /* swift+gif.swift */ = {isa = PBXFileReference; lastKnownFileType = sourcecode.swift; path = "swift+gif.swift"; sourceTree = "<group>"; };
		84A8866125E3317F004684DA /* flavors-of-youth.gif */ = {isa = PBXFileReference; lastKnownFileType = image.gif; path = "flavors-of-youth.gif"; sourceTree = "<group>"; };
		84A8866D25E33B0C004684DA /* LaunchScreenController.swift */ = {isa = PBXFileReference; lastKnownFileType = sourcecode.swift; path = LaunchScreenController.swift; sourceTree = "<group>"; };
		84A8867B25E34EAA004684DA /* SignUpViewController.swift */ = {isa = PBXFileReference; lastKnownFileType = sourcecode.swift; path = SignUpViewController.swift; sourceTree = "<group>"; };
		89B911A85F24D0BE5EC25DF1 /* Pods-YumFun.release.xcconfig */ = {isa = PBXFileReference; includeInIndex = 1; lastKnownFileType = text.xcconfig; name = "Pods-YumFun.release.xcconfig"; path = "Target Support Files/Pods-YumFun/Pods-YumFun.release.xcconfig"; sourceTree = "<group>"; };
		A137B12525EAE241009A661D /* DiscoverTextCell.swift */ = {isa = PBXFileReference; fileEncoding = 4; lastKnownFileType = sourcecode.swift; path = DiscoverTextCell.swift; sourceTree = "<group>"; };
		A137B12625EAE241009A661D /* RecipeDetailViewController.swift */ = {isa = PBXFileReference; fileEncoding = 4; lastKnownFileType = sourcecode.swift; path = RecipeDetailViewController.swift; sourceTree = "<group>"; };
		A137B12925EAE241009A661D /* DiscoverViewController.swift */ = {isa = PBXFileReference; fileEncoding = 4; lastKnownFileType = sourcecode.swift; path = DiscoverViewController.swift; sourceTree = "<group>"; };
		A137B12A25EAE241009A661D /* DiscoverImageCell.swift */ = {isa = PBXFileReference; fileEncoding = 4; lastKnownFileType = sourcecode.swift; path = DiscoverImageCell.swift; sourceTree = "<group>"; };
		A137B12B25EAE241009A661D /* CircularImageView.swift */ = {isa = PBXFileReference; fileEncoding = 4; lastKnownFileType = sourcecode.swift; path = CircularImageView.swift; sourceTree = "<group>"; };
		C56C5D0C25E4524900DD1CD7 /* RecipePreviewCellController.swift */ = {isa = PBXFileReference; fileEncoding = 4; lastKnownFileType = sourcecode.swift; path = RecipePreviewCellController.swift; sourceTree = "<group>"; };
		C56C5D0D25E4524900DD1CD7 /* ProfileViewController.swift */ = {isa = PBXFileReference; fileEncoding = 4; lastKnownFileType = sourcecode.swift; path = ProfileViewController.swift; sourceTree = "<group>"; };
		C56C5D0E25E4524900DD1CD7 /* ProfileEditPage.swift */ = {isa = PBXFileReference; fileEncoding = 4; lastKnownFileType = sourcecode.swift; path = ProfileEditPage.swift; sourceTree = "<group>"; };
		C57662B725DBF9D600642CF2 /* YumFun.app */ = {isa = PBXFileReference; explicitFileType = wrapper.application; includeInIndex = 0; path = YumFun.app; sourceTree = BUILT_PRODUCTS_DIR; };
		C57662BA25DBF9D600642CF2 /* AppDelegate.swift */ = {isa = PBXFileReference; lastKnownFileType = sourcecode.swift; path = AppDelegate.swift; sourceTree = "<group>"; };
		C57662BC25DBF9D600642CF2 /* SceneDelegate.swift */ = {isa = PBXFileReference; lastKnownFileType = sourcecode.swift; path = SceneDelegate.swift; sourceTree = "<group>"; };
		C57662BE25DBF9D600642CF2 /* ViewController.swift */ = {isa = PBXFileReference; lastKnownFileType = sourcecode.swift; path = ViewController.swift; sourceTree = "<group>"; };
		C57662C125DBF9D600642CF2 /* Base */ = {isa = PBXFileReference; lastKnownFileType = file.storyboard; name = Base; path = Base.lproj/Main.storyboard; sourceTree = "<group>"; };
		C57662C325DBF9D700642CF2 /* Assets.xcassets */ = {isa = PBXFileReference; lastKnownFileType = folder.assetcatalog; path = Assets.xcassets; sourceTree = "<group>"; };
		C57662C625DBF9D700642CF2 /* Base */ = {isa = PBXFileReference; lastKnownFileType = file.storyboard; name = Base; path = Base.lproj/LaunchScreen.storyboard; sourceTree = "<group>"; };
		C57662C825DBF9D700642CF2 /* Info.plist */ = {isa = PBXFileReference; lastKnownFileType = text.plist.xml; path = Info.plist; sourceTree = "<group>"; };
		C5F6B44D25E7218100EA5ACE /* EditDetailController.swift */ = {isa = PBXFileReference; lastKnownFileType = sourcecode.swift; path = EditDetailController.swift; sourceTree = "<group>"; };
		C5FD261025EC0E2200EA28E0 /* ImagePickerManager.swift */ = {isa = PBXFileReference; lastKnownFileType = sourcecode.swift; path = ImagePickerManager.swift; sourceTree = "<group>"; };
/* End PBXFileReference section */

/* Begin PBXFrameworksBuildPhase section */
		C57662B425DBF9D600642CF2 /* Frameworks */ = {
			isa = PBXFrameworksBuildPhase;
			buildActionMask = 2147483647;
			files = (
				27EEED4B96116007E5C80910 /* Pods_YumFun.framework in Frameworks */,
			);
			runOnlyForDeploymentPostprocessing = 0;
		};
/* End PBXFrameworksBuildPhase section */

/* Begin PBXGroup section */
		2185054C25E9896800A9D46C /* Core */ = {
			isa = PBXGroup;
			children = (
				2185054D25E98B3A00A9D46C /* Core.swift */,
				2185055325EA75EC00A9D46C /* Error.swift */,
			);
			path = Core;
			sourceTree = "<group>";
		};
		2185055725EA8E5A00A9D46C /* PropertyWrappers */ = {
			isa = PBXGroup;
			children = (
				2185055825EA8E7F00A9D46C /* Notifiable.swift */,
			);
			path = PropertyWrappers;
			sourceTree = "<group>";
		};
		21A8364925E022AC005933AE /* Tests */ = {
			isa = PBXGroup;
			children = (
				21A8364625E02252005933AE /* FirestoreTest.storyboard */,
				2185052825E941BC00A9D46C /* CloudStorageTest.storyboard */,
			);
			path = Tests;
			sourceTree = "<group>";
		};
		21A8364B25E022CA005933AE /* Tests */ = {
			isa = PBXGroup;
			children = (
				21A8364C25E022DC005933AE /* FirestoreTestViewController.swift */,
				2185052B25E941E900A9D46C /* CloudStorageTestViewController.swift */,
			);
			path = Tests;
			sourceTree = "<group>";
		};
		21A8365025E023A3005933AE /* Services */ = {
			isa = PBXGroup;
			children = (
				21A8365125E023E4005933AE /* FirestoreApi.swift */,
				2185052525E9015100A9D46C /* CloudStorageApi.swift */,
			);
			path = Services;
			sourceTree = "<group>";
		};
		21A8366F25E0362B005933AE /* Extensions */ = {
			isa = PBXGroup;
			children = (
				21A8367025E0364B005933AE /* RecipeExt.swift */,
			);
			path = Extensions;
			sourceTree = "<group>";
		};
		21F2AE2425E2870900C6F973 /* Protocols */ = {
			isa = PBXGroup;
			children = (
				21F2AE4625E288ED00C6F973 /* UpdateTrackableProtocol.swift */,
				21F2AE5525E3B44300C6F973 /* CrudProtocol.swift */,
			);
			path = Protocols;
			sourceTree = "<group>";
		};
		21F2AE4125E287FC00C6F973 /* Models */ = {
			isa = PBXGroup;
			children = (
				21F2AE4225E2881900C6F973 /* Recipe.swift */,
				21F2AE5125E3A39600C6F973 /* User.swift */,
				21F2AE4A25E2DFA300C6F973 /* RecipeComponents.swift */,
				C5FD261025EC0E2200EA28E0 /* ImagePickerManager.swift */,
			);
			path = Models;
			sourceTree = "<group>";
		};
		21F2AE7E25E3CC0300C6F973 /* Supporting Files */ = {
			isa = PBXGroup;
			children = (
			);
			path = "Supporting Files";
			sourceTree = "<group>";
		};
		2524DFB5F3339D736582D1D2 /* Frameworks */ = {
			isa = PBXGroup;
			children = (
				0F8AF42751F2B66D075A2993 /* Pods_YumFun.framework */,
			);
			name = Frameworks;
			sourceTree = "<group>";
		};
		32B98297541E3E0DA7B82006 /* Pods */ = {
			isa = PBXGroup;
			children = (
				19808E7616160D342C2D7749 /* Pods-YumFun.debug.xcconfig */,
				89B911A85F24D0BE5EC25DF1 /* Pods-YumFun.release.xcconfig */,
			);
			path = Pods;
			sourceTree = "<group>";
		};
		C56C5D0B25E4522000DD1CD7 /* Profile */ = {
			isa = PBXGroup;
			children = (
				C56C5D0E25E4524900DD1CD7 /* ProfileEditPage.swift */,
				C56C5D0D25E4524900DD1CD7 /* ProfileViewController.swift */,
				C56C5D0C25E4524900DD1CD7 /* RecipePreviewCellController.swift */,
				C5F6B44D25E7218100EA5ACE /* EditDetailController.swift */,
			);
			path = Profile;
			sourceTree = "<group>";
		};
		C57662AE25DBF9D600642CF2 = {
			isa = PBXGroup;
			children = (
				C57662B925DBF9D600642CF2 /* YumFun */,
				C57662B825DBF9D600642CF2 /* Products */,
				32B98297541E3E0DA7B82006 /* Pods */,
				2524DFB5F3339D736582D1D2 /* Frameworks */,
			);
			sourceTree = "<group>";
		};
		C57662B825DBF9D600642CF2 /* Products */ = {
			isa = PBXGroup;
			children = (
				C57662B725DBF9D600642CF2 /* YumFun.app */,
			);
			name = Products;
			sourceTree = "<group>";
		};
		C57662B925DBF9D600642CF2 /* YumFun */ = {
			isa = PBXGroup;
			children = (
				2185055725EA8E5A00A9D46C /* PropertyWrappers */,
				2185054C25E9896800A9D46C /* Core */,
				21F2AE2425E2870900C6F973 /* Protocols */,
				21A8366F25E0362B005933AE /* Extensions */,
				21A8365025E023A3005933AE /* Services */,
				21F2AE4125E287FC00C6F973 /* Models */,
				C57662DF25DBFF4100642CF2 /* Views */,
				C57662DD25DBFEF400642CF2 /* Controllers */,
				21F2AE7E25E3CC0300C6F973 /* Supporting Files */,
				C57662C325DBF9D700642CF2 /* Assets.xcassets */,
				C57662C825DBF9D700642CF2 /* Info.plist */,
				84A885FF25DD9374004684DA /* GoogleService-Info.plist */,
			);
			path = YumFun;
			sourceTree = "<group>";
		};
		C57662DD25DBFEF400642CF2 /* Controllers */ = {
			isa = PBXGroup;
			children = (
				C56C5D0B25E4522000DD1CD7 /* Profile */,
				21A8364B25E022CA005933AE /* Tests */,
				C57662BE25DBF9D600642CF2 /* ViewController.swift */,
				C57662BC25DBF9D600642CF2 /* SceneDelegate.swift */,
				C57662BA25DBF9D600642CF2 /* AppDelegate.swift */,
				84A8865E25E3316A004684DA /* swift+gif.swift */,
				84A8866125E3317F004684DA /* flavors-of-youth.gif */,
				84A8866D25E33B0C004684DA /* LaunchScreenController.swift */,
				84A8867B25E34EAA004684DA /* SignUpViewController.swift */,
				A137B12925EAE241009A661D /* DiscoverViewController.swift */,
				A137B12B25EAE241009A661D /* CircularImageView.swift */,
				A137B12A25EAE241009A661D /* DiscoverImageCell.swift */,
				A137B12525EAE241009A661D /* DiscoverTextCell.swift */,
				A137B12625EAE241009A661D /* RecipeDetailViewController.swift */,
			);
			path = Controllers;
			sourceTree = "<group>";
		};
		C57662DF25DBFF4100642CF2 /* Views */ = {
			isa = PBXGroup;
			children = (
				21A8364925E022AC005933AE /* Tests */,
				C57662C525DBF9D700642CF2 /* LaunchScreen.storyboard */,
				C57662C025DBF9D600642CF2 /* Main.storyboard */,
			);
			path = Views;
			sourceTree = "<group>";
		};
/* End PBXGroup section */

/* Begin PBXNativeTarget section */
		C57662B625DBF9D600642CF2 /* YumFun */ = {
			isa = PBXNativeTarget;
			buildConfigurationList = C57662CB25DBF9D700642CF2 /* Build configuration list for PBXNativeTarget "YumFun" */;
			buildPhases = (
				7E0BADBC16ED92EF74F42FE1 /* [CP] Check Pods Manifest.lock */,
				C57662B325DBF9D600642CF2 /* Sources */,
				C57662B425DBF9D600642CF2 /* Frameworks */,
				C57662B525DBF9D600642CF2 /* Resources */,
				DF0D1EB9A773047130C4EE20 /* [CP] Embed Pods Frameworks */,
			);
			buildRules = (
			);
			dependencies = (
			);
			name = YumFun;
			productName = YumFun;
			productReference = C57662B725DBF9D600642CF2 /* YumFun.app */;
			productType = "com.apple.product-type.application";
		};
/* End PBXNativeTarget section */

/* Begin PBXProject section */
		C57662AF25DBF9D600642CF2 /* Project object */ = {
			isa = PBXProject;
			attributes = {
				LastSwiftUpdateCheck = 1240;
				LastUpgradeCheck = 1240;
				TargetAttributes = {
					C57662B625DBF9D600642CF2 = {
						CreatedOnToolsVersion = 12.4;
					};
				};
			};
			buildConfigurationList = C57662B225DBF9D600642CF2 /* Build configuration list for PBXProject "YumFun" */;
			compatibilityVersion = "Xcode 12.0";
			developmentRegion = en;
			hasScannedForEncodings = 0;
			knownRegions = (
				en,
				Base,
			);
			mainGroup = C57662AE25DBF9D600642CF2;
			productRefGroup = C57662B825DBF9D600642CF2 /* Products */;
			projectDirPath = "";
			projectRoot = "";
			targets = (
				C57662B625DBF9D600642CF2 /* YumFun */,
			);
		};
/* End PBXProject section */

/* Begin PBXResourcesBuildPhase section */
		C57662B525DBF9D600642CF2 /* Resources */ = {
			isa = PBXResourcesBuildPhase;
			buildActionMask = 2147483647;
			files = (
				21A8364725E02252005933AE /* FirestoreTest.storyboard in Resources */,
				2185052925E941BC00A9D46C /* CloudStorageTest.storyboard in Resources */,
				84A8866225E3317F004684DA /* flavors-of-youth.gif in Resources */,
				C57662C725DBF9D700642CF2 /* LaunchScreen.storyboard in Resources */,
				C57662C425DBF9D700642CF2 /* Assets.xcassets in Resources */,
				C57662C225DBF9D600642CF2 /* Main.storyboard in Resources */,
				84A8860025DD9374004684DA /* GoogleService-Info.plist in Resources */,
			);
			runOnlyForDeploymentPostprocessing = 0;
		};
/* End PBXResourcesBuildPhase section */

/* Begin PBXShellScriptBuildPhase section */
		7E0BADBC16ED92EF74F42FE1 /* [CP] Check Pods Manifest.lock */ = {
			isa = PBXShellScriptBuildPhase;
			buildActionMask = 2147483647;
			files = (
			);
			inputFileListPaths = (
			);
			inputPaths = (
				"${PODS_PODFILE_DIR_PATH}/Podfile.lock",
				"${PODS_ROOT}/Manifest.lock",
			);
			name = "[CP] Check Pods Manifest.lock";
			outputFileListPaths = (
			);
			outputPaths = (
				"$(DERIVED_FILE_DIR)/Pods-YumFun-checkManifestLockResult.txt",
			);
			runOnlyForDeploymentPostprocessing = 0;
			shellPath = /bin/sh;
			shellScript = "diff \"${PODS_PODFILE_DIR_PATH}/Podfile.lock\" \"${PODS_ROOT}/Manifest.lock\" > /dev/null\nif [ $? != 0 ] ; then\n    # print error to STDERR\n    echo \"error: The sandbox is not in sync with the Podfile.lock. Run 'pod install' or update your CocoaPods installation.\" >&2\n    exit 1\nfi\n# This output is used by Xcode 'outputs' to avoid re-running this script phase.\necho \"SUCCESS\" > \"${SCRIPT_OUTPUT_FILE_0}\"\n";
			showEnvVarsInLog = 0;
		};
		DF0D1EB9A773047130C4EE20 /* [CP] Embed Pods Frameworks */ = {
			isa = PBXShellScriptBuildPhase;
			buildActionMask = 2147483647;
			files = (
			);
			inputFileListPaths = (
				"${PODS_ROOT}/Target Support Files/Pods-YumFun/Pods-YumFun-frameworks-${CONFIGURATION}-input-files.xcfilelist",
			);
			name = "[CP] Embed Pods Frameworks";
			outputFileListPaths = (
				"${PODS_ROOT}/Target Support Files/Pods-YumFun/Pods-YumFun-frameworks-${CONFIGURATION}-output-files.xcfilelist",
			);
			runOnlyForDeploymentPostprocessing = 0;
			shellPath = /bin/sh;
			shellScript = "\"${PODS_ROOT}/Target Support Files/Pods-YumFun/Pods-YumFun-frameworks.sh\"\n";
			showEnvVarsInLog = 0;
		};
/* End PBXShellScriptBuildPhase section */

/* Begin PBXSourcesBuildPhase section */
		C57662B325DBF9D600642CF2 /* Sources */ = {
			isa = PBXSourcesBuildPhase;
			buildActionMask = 2147483647;
			files = (
				21F2AE4725E288ED00C6F973 /* UpdateTrackableProtocol.swift in Sources */,
				21A8365225E023E4005933AE /* FirestoreApi.swift in Sources */,
				84A8865F25E3316A004684DA /* swift+gif.swift in Sources */,
				84A8866E25E33B0C004684DA /* LaunchScreenController.swift in Sources */,
				21F2AE5625E3B44300C6F973 /* CrudProtocol.swift in Sources */,
				A137B13325EAE241009A661D /* CircularImageView.swift in Sources */,
				C57662BF25DBF9D600642CF2 /* ViewController.swift in Sources */,
				C56C5D1125E4524900DD1CD7 /* ProfileEditPage.swift in Sources */,
				21A8364D25E022DC005933AE /* FirestoreTestViewController.swift in Sources */,
				A137B13225EAE241009A661D /* DiscoverImageCell.swift in Sources */,
				C5FD261125EC0E2200EA28E0 /* ImagePickerManager.swift in Sources */,
				2185052C25E941E900A9D46C /* CloudStorageTestViewController.swift in Sources */,
				C56C5D1025E4524900DD1CD7 /* ProfileViewController.swift in Sources */,
				2185055925EA8E7F00A9D46C /* Notifiable.swift in Sources */,
				21F2AE5225E3A39600C6F973 /* User.swift in Sources */,
				C5F6B44E25E7218100EA5ACE /* EditDetailController.swift in Sources */,
				84A8867C25E34EAA004684DA /* SignUpViewController.swift in Sources */,
				C57662BB25DBF9D600642CF2 /* AppDelegate.swift in Sources */,
				2185055425EA75EC00A9D46C /* Error.swift in Sources */,
				A137B13125EAE241009A661D /* DiscoverViewController.swift in Sources */,
				C57662BD25DBF9D600642CF2 /* SceneDelegate.swift in Sources */,
				21A8367125E0364B005933AE /* RecipeExt.swift in Sources */,
				21F2AE4B25E2DFA300C6F973 /* RecipeComponents.swift in Sources */,
				A137B12E25EAE241009A661D /* RecipeDetailViewController.swift in Sources */,
				C56C5D0F25E4524900DD1CD7 /* RecipePreviewCellController.swift in Sources */,
				2185052625E9015100A9D46C /* CloudStorageApi.swift in Sources */,
				2185054E25E98B3A00A9D46C /* Core.swift in Sources */,
				21F2AE4325E2881900C6F973 /* Recipe.swift in Sources */,
				A137B12D25EAE241009A661D /* DiscoverTextCell.swift in Sources */,
			);
			runOnlyForDeploymentPostprocessing = 0;
		};
/* End PBXSourcesBuildPhase section */

/* Begin PBXVariantGroup section */
		C57662C025DBF9D600642CF2 /* Main.storyboard */ = {
			isa = PBXVariantGroup;
			children = (
				C57662C125DBF9D600642CF2 /* Base */,
			);
			name = Main.storyboard;
			sourceTree = "<group>";
		};
		C57662C525DBF9D700642CF2 /* LaunchScreen.storyboard */ = {
			isa = PBXVariantGroup;
			children = (
				C57662C625DBF9D700642CF2 /* Base */,
			);
			name = LaunchScreen.storyboard;
			sourceTree = "<group>";
		};
/* End PBXVariantGroup section */

/* Begin XCBuildConfiguration section */
		C57662C925DBF9D700642CF2 /* Debug */ = {
			isa = XCBuildConfiguration;
			buildSettings = {
				ALWAYS_SEARCH_USER_PATHS = NO;
				CLANG_ANALYZER_NONNULL = YES;
				CLANG_ANALYZER_NUMBER_OBJECT_CONVERSION = YES_AGGRESSIVE;
				CLANG_CXX_LANGUAGE_STANDARD = "gnu++14";
				CLANG_CXX_LIBRARY = "libc++";
				CLANG_ENABLE_MODULES = YES;
				CLANG_ENABLE_OBJC_ARC = YES;
				CLANG_ENABLE_OBJC_WEAK = YES;
				CLANG_WARN_BLOCK_CAPTURE_AUTORELEASING = YES;
				CLANG_WARN_BOOL_CONVERSION = YES;
				CLANG_WARN_COMMA = YES;
				CLANG_WARN_CONSTANT_CONVERSION = YES;
				CLANG_WARN_DEPRECATED_OBJC_IMPLEMENTATIONS = YES;
				CLANG_WARN_DIRECT_OBJC_ISA_USAGE = YES_ERROR;
				CLANG_WARN_DOCUMENTATION_COMMENTS = YES;
				CLANG_WARN_EMPTY_BODY = YES;
				CLANG_WARN_ENUM_CONVERSION = YES;
				CLANG_WARN_INFINITE_RECURSION = YES;
				CLANG_WARN_INT_CONVERSION = YES;
				CLANG_WARN_NON_LITERAL_NULL_CONVERSION = YES;
				CLANG_WARN_OBJC_IMPLICIT_RETAIN_SELF = YES;
				CLANG_WARN_OBJC_LITERAL_CONVERSION = YES;
				CLANG_WARN_OBJC_ROOT_CLASS = YES_ERROR;
				CLANG_WARN_QUOTED_INCLUDE_IN_FRAMEWORK_HEADER = YES;
				CLANG_WARN_RANGE_LOOP_ANALYSIS = YES;
				CLANG_WARN_STRICT_PROTOTYPES = YES;
				CLANG_WARN_SUSPICIOUS_MOVE = YES;
				CLANG_WARN_UNGUARDED_AVAILABILITY = YES_AGGRESSIVE;
				CLANG_WARN_UNREACHABLE_CODE = YES;
				CLANG_WARN__DUPLICATE_METHOD_MATCH = YES;
				COPY_PHASE_STRIP = NO;
				DEBUG_INFORMATION_FORMAT = dwarf;
				ENABLE_STRICT_OBJC_MSGSEND = YES;
				ENABLE_TESTABILITY = YES;
				"EXCLUDED_ARCHS[sdk=iphonesimulator*]" = arm64;
				GCC_C_LANGUAGE_STANDARD = gnu11;
				GCC_DYNAMIC_NO_PIC = NO;
				GCC_NO_COMMON_BLOCKS = YES;
				GCC_OPTIMIZATION_LEVEL = 0;
				GCC_PREPROCESSOR_DEFINITIONS = (
					"DEBUG=1",
					"$(inherited)",
				);
				GCC_WARN_64_TO_32_BIT_CONVERSION = YES;
				GCC_WARN_ABOUT_RETURN_TYPE = YES_ERROR;
				GCC_WARN_UNDECLARED_SELECTOR = YES;
				GCC_WARN_UNINITIALIZED_AUTOS = YES_AGGRESSIVE;
				GCC_WARN_UNUSED_FUNCTION = YES;
				GCC_WARN_UNUSED_VARIABLE = YES;
				IPHONEOS_DEPLOYMENT_TARGET = 14.4;
				MTL_ENABLE_DEBUG_INFO = INCLUDE_SOURCE;
				MTL_FAST_MATH = YES;
				ONLY_ACTIVE_ARCH = YES;
				SDKROOT = iphoneos;
				SWIFT_ACTIVE_COMPILATION_CONDITIONS = DEBUG;
				SWIFT_OPTIMIZATION_LEVEL = "-Onone";
			};
			name = Debug;
		};
		C57662CA25DBF9D700642CF2 /* Release */ = {
			isa = XCBuildConfiguration;
			buildSettings = {
				ALWAYS_SEARCH_USER_PATHS = NO;
				CLANG_ANALYZER_NONNULL = YES;
				CLANG_ANALYZER_NUMBER_OBJECT_CONVERSION = YES_AGGRESSIVE;
				CLANG_CXX_LANGUAGE_STANDARD = "gnu++14";
				CLANG_CXX_LIBRARY = "libc++";
				CLANG_ENABLE_MODULES = YES;
				CLANG_ENABLE_OBJC_ARC = YES;
				CLANG_ENABLE_OBJC_WEAK = YES;
				CLANG_WARN_BLOCK_CAPTURE_AUTORELEASING = YES;
				CLANG_WARN_BOOL_CONVERSION = YES;
				CLANG_WARN_COMMA = YES;
				CLANG_WARN_CONSTANT_CONVERSION = YES;
				CLANG_WARN_DEPRECATED_OBJC_IMPLEMENTATIONS = YES;
				CLANG_WARN_DIRECT_OBJC_ISA_USAGE = YES_ERROR;
				CLANG_WARN_DOCUMENTATION_COMMENTS = YES;
				CLANG_WARN_EMPTY_BODY = YES;
				CLANG_WARN_ENUM_CONVERSION = YES;
				CLANG_WARN_INFINITE_RECURSION = YES;
				CLANG_WARN_INT_CONVERSION = YES;
				CLANG_WARN_NON_LITERAL_NULL_CONVERSION = YES;
				CLANG_WARN_OBJC_IMPLICIT_RETAIN_SELF = YES;
				CLANG_WARN_OBJC_LITERAL_CONVERSION = YES;
				CLANG_WARN_OBJC_ROOT_CLASS = YES_ERROR;
				CLANG_WARN_QUOTED_INCLUDE_IN_FRAMEWORK_HEADER = YES;
				CLANG_WARN_RANGE_LOOP_ANALYSIS = YES;
				CLANG_WARN_STRICT_PROTOTYPES = YES;
				CLANG_WARN_SUSPICIOUS_MOVE = YES;
				CLANG_WARN_UNGUARDED_AVAILABILITY = YES_AGGRESSIVE;
				CLANG_WARN_UNREACHABLE_CODE = YES;
				CLANG_WARN__DUPLICATE_METHOD_MATCH = YES;
				COPY_PHASE_STRIP = NO;
				DEBUG_INFORMATION_FORMAT = "dwarf-with-dsym";
				ENABLE_NS_ASSERTIONS = NO;
				ENABLE_STRICT_OBJC_MSGSEND = YES;
				"EXCLUDED_ARCHS[sdk=iphonesimulator*]" = arm64;
				GCC_C_LANGUAGE_STANDARD = gnu11;
				GCC_NO_COMMON_BLOCKS = YES;
				GCC_WARN_64_TO_32_BIT_CONVERSION = YES;
				GCC_WARN_ABOUT_RETURN_TYPE = YES_ERROR;
				GCC_WARN_UNDECLARED_SELECTOR = YES;
				GCC_WARN_UNINITIALIZED_AUTOS = YES_AGGRESSIVE;
				GCC_WARN_UNUSED_FUNCTION = YES;
				GCC_WARN_UNUSED_VARIABLE = YES;
				IPHONEOS_DEPLOYMENT_TARGET = 14.4;
				MTL_ENABLE_DEBUG_INFO = NO;
				MTL_FAST_MATH = YES;
				SDKROOT = iphoneos;
				SWIFT_COMPILATION_MODE = wholemodule;
				SWIFT_OPTIMIZATION_LEVEL = "-O";
				VALIDATE_PRODUCT = YES;
			};
			name = Release;
		};
		C57662CC25DBF9D700642CF2 /* Debug */ = {
			isa = XCBuildConfiguration;
			baseConfigurationReference = 19808E7616160D342C2D7749 /* Pods-YumFun.debug.xcconfig */;
			buildSettings = {
				ASSETCATALOG_COMPILER_APPICON_NAME = AppIcon;
				ASSETCATALOG_COMPILER_GLOBAL_ACCENT_COLOR_NAME = AccentColor;
				CODE_SIGN_STYLE = Automatic;
				DEVELOPMENT_TEAM = Q65H9K9VZ6;
				"EXCLUDED_ARCHS[sdk=iphonesimulator*]" = arm64;
				INFOPLIST_FILE = YumFun/Info.plist;
				IPHONEOS_DEPLOYMENT_TARGET = 13.2;
				LD_RUNPATH_SEARCH_PATHS = (
					"$(inherited)",
					"@executable_path/Frameworks",
				);
				PRODUCT_BUNDLE_IDENTIFIER = edu.ucdavcs.189e.CodexCoders.YumFun;
				PRODUCT_NAME = "$(TARGET_NAME)";
				SWIFT_VERSION = 5.0;
				TARGETED_DEVICE_FAMILY = "1,2";
			};
			name = Debug;
		};
		C57662CD25DBF9D700642CF2 /* Release */ = {
			isa = XCBuildConfiguration;
			baseConfigurationReference = 89B911A85F24D0BE5EC25DF1 /* Pods-YumFun.release.xcconfig */;
			buildSettings = {
				ASSETCATALOG_COMPILER_APPICON_NAME = AppIcon;
				ASSETCATALOG_COMPILER_GLOBAL_ACCENT_COLOR_NAME = AccentColor;
				CODE_SIGN_STYLE = Automatic;
				DEVELOPMENT_TEAM = Q65H9K9VZ6;
				"EXCLUDED_ARCHS[sdk=iphonesimulator*]" = arm64;
				INFOPLIST_FILE = YumFun/Info.plist;
				IPHONEOS_DEPLOYMENT_TARGET = 13.2;
				LD_RUNPATH_SEARCH_PATHS = (
					"$(inherited)",
					"@executable_path/Frameworks",
				);
				PRODUCT_BUNDLE_IDENTIFIER = edu.ucdavcs.189e.CodexCoders.YumFun;
				PRODUCT_NAME = "$(TARGET_NAME)";
				SWIFT_VERSION = 5.0;
				TARGETED_DEVICE_FAMILY = "1,2";
			};
			name = Release;
		};
/* End XCBuildConfiguration section */

/* Begin XCConfigurationList section */
		C57662B225DBF9D600642CF2 /* Build configuration list for PBXProject "YumFun" */ = {
			isa = XCConfigurationList;
			buildConfigurations = (
				C57662C925DBF9D700642CF2 /* Debug */,
				C57662CA25DBF9D700642CF2 /* Release */,
			);
			defaultConfigurationIsVisible = 0;
			defaultConfigurationName = Release;
		};
		C57662CB25DBF9D700642CF2 /* Build configuration list for PBXNativeTarget "YumFun" */ = {
			isa = XCConfigurationList;
			buildConfigurations = (
				C57662CC25DBF9D700642CF2 /* Debug */,
				C57662CD25DBF9D700642CF2 /* Release */,
			);
			defaultConfigurationIsVisible = 0;
			defaultConfigurationName = Release;
		};
/* End XCConfigurationList section */
	};
	rootObject = C57662AF25DBF9D600642CF2 /* Project object */;
}
