// !$*UTF8*$!
{
	archiveVersion = 1;
	classes = {
	};
	objectVersion = 51;
	objects = {

/* Begin PBXBuildFile section */
		84A8860025DD9374004684DA /* GoogleService-Info.plist in Resources */ = {isa = PBXBuildFile; fileRef = 84A885FF25DD9374004684DA /* GoogleService-Info.plist */; };
		84A8861225DD9F85004684DA /* HomeViewController.swift in Sources */ = {isa = PBXBuildFile; fileRef = 84A8861125DD9F85004684DA /* HomeViewController.swift */; };
		C57662BB25DBF9D600642CF2 /* AppDelegate.swift in Sources */ = {isa = PBXBuildFile; fileRef = C57662BA25DBF9D600642CF2 /* AppDelegate.swift */; };
		C57662BD25DBF9D600642CF2 /* SceneDelegate.swift in Sources */ = {isa = PBXBuildFile; fileRef = C57662BC25DBF9D600642CF2 /* SceneDelegate.swift */; };
		C57662BF25DBF9D600642CF2 /* ViewController.swift in Sources */ = {isa = PBXBuildFile; fileRef = C57662BE25DBF9D600642CF2 /* ViewController.swift */; };
		C57662C225DBF9D600642CF2 /* Main.storyboard in Resources */ = {isa = PBXBuildFile; fileRef = C57662C025DBF9D600642CF2 /* Main.storyboard */; };
		C57662C425DBF9D700642CF2 /* Assets.xcassets in Resources */ = {isa = PBXBuildFile; fileRef = C57662C325DBF9D700642CF2 /* Assets.xcassets */; };
		C57662C725DBF9D700642CF2 /* LaunchScreen.storyboard in Resources */ = {isa = PBXBuildFile; fileRef = C57662C525DBF9D700642CF2 /* LaunchScreen.storyboard */; };
		C5A5EA6925E1BE6D00315088 /* ProfileViewController.swift in Sources */ = {isa = PBXBuildFile; fileRef = C5A5EA6825E1BE6D00315088 /* ProfileViewController.swift */; };
		C5A5EA6D25E2D67D00315088 /* RecipePreviewCellController.swift in Sources */ = {isa = PBXBuildFile; fileRef = C5A5EA6B25E2D67D00315088 /* RecipePreviewCellController.swift */; };
		C5A5EA7A25E3A94E00315088 /* ProfileEditPage.swift in Sources */ = {isa = PBXBuildFile; fileRef = C5A5EA7925E3A94E00315088 /* ProfileEditPage.swift */; };
		E89A46416C72CD1998CCC4AB /* Pods_YumFun.framework in Frameworks */ = {isa = PBXBuildFile; fileRef = 54F5329A67B931D9FA451352 /* Pods_YumFun.framework */; };
/* End PBXBuildFile section */

/* Begin PBXFileReference section */
		54F5329A67B931D9FA451352 /* Pods_YumFun.framework */ = {isa = PBXFileReference; explicitFileType = wrapper.framework; includeInIndex = 0; path = Pods_YumFun.framework; sourceTree = BUILT_PRODUCTS_DIR; };
		739EB47224F8B0C399339A75 /* Pods-YumFun.release.xcconfig */ = {isa = PBXFileReference; includeInIndex = 1; lastKnownFileType = text.xcconfig; name = "Pods-YumFun.release.xcconfig"; path = "Target Support Files/Pods-YumFun/Pods-YumFun.release.xcconfig"; sourceTree = "<group>"; };
		84A885FF25DD9374004684DA /* GoogleService-Info.plist */ = {isa = PBXFileReference; fileEncoding = 4; lastKnownFileType = text.plist.xml; path = "GoogleService-Info.plist"; sourceTree = "<group>"; };
		84A8861125DD9F85004684DA /* HomeViewController.swift */ = {isa = PBXFileReference; lastKnownFileType = sourcecode.swift; path = HomeViewController.swift; sourceTree = "<group>"; };
		C57662B725DBF9D600642CF2 /* YumFun.app */ = {isa = PBXFileReference; explicitFileType = wrapper.application; includeInIndex = 0; path = YumFun.app; sourceTree = BUILT_PRODUCTS_DIR; };
		C57662BA25DBF9D600642CF2 /* AppDelegate.swift */ = {isa = PBXFileReference; lastKnownFileType = sourcecode.swift; path = AppDelegate.swift; sourceTree = "<group>"; };
		C57662BC25DBF9D600642CF2 /* SceneDelegate.swift */ = {isa = PBXFileReference; lastKnownFileType = sourcecode.swift; path = SceneDelegate.swift; sourceTree = "<group>"; };
		C57662BE25DBF9D600642CF2 /* ViewController.swift */ = {isa = PBXFileReference; lastKnownFileType = sourcecode.swift; path = ViewController.swift; sourceTree = "<group>"; };
		C57662C125DBF9D600642CF2 /* Base */ = {isa = PBXFileReference; lastKnownFileType = file.storyboard; name = Base; path = Base.lproj/Main.storyboard; sourceTree = "<group>"; };
		C57662C325DBF9D700642CF2 /* Assets.xcassets */ = {isa = PBXFileReference; lastKnownFileType = folder.assetcatalog; path = Assets.xcassets; sourceTree = "<group>"; };
		C57662C625DBF9D700642CF2 /* Base */ = {isa = PBXFileReference; lastKnownFileType = file.storyboard; name = Base; path = Base.lproj/LaunchScreen.storyboard; sourceTree = "<group>"; };
		C57662C825DBF9D700642CF2 /* Info.plist */ = {isa = PBXFileReference; lastKnownFileType = text.plist.xml; path = Info.plist; sourceTree = "<group>"; };
		C5A5EA6825E1BE6D00315088 /* ProfileViewController.swift */ = {isa = PBXFileReference; lastKnownFileType = sourcecode.swift; path = ProfileViewController.swift; sourceTree = "<group>"; };
		C5A5EA6B25E2D67D00315088 /* RecipePreviewCellController.swift */ = {isa = PBXFileReference; lastKnownFileType = sourcecode.swift; path = RecipePreviewCellController.swift; sourceTree = "<group>"; };
		C5A5EA7925E3A94E00315088 /* ProfileEditPage.swift */ = {isa = PBXFileReference; lastKnownFileType = sourcecode.swift; path = ProfileEditPage.swift; sourceTree = "<group>"; };
		D438D8E35AE2FBC94C38C72C /* Pods-YumFun.debug.xcconfig */ = {isa = PBXFileReference; includeInIndex = 1; lastKnownFileType = text.xcconfig; name = "Pods-YumFun.debug.xcconfig"; path = "Target Support Files/Pods-YumFun/Pods-YumFun.debug.xcconfig"; sourceTree = "<group>"; };
/* End PBXFileReference section */

/* Begin PBXFrameworksBuildPhase section */
		C57662B425DBF9D600642CF2 /* Frameworks */ = {
			isa = PBXFrameworksBuildPhase;
			buildActionMask = 2147483647;
			files = (
				E89A46416C72CD1998CCC4AB /* Pods_YumFun.framework in Frameworks */,
			);
			runOnlyForDeploymentPostprocessing = 0;
		};
/* End PBXFrameworksBuildPhase section */

/* Begin PBXGroup section */
		32B98297541E3E0DA7B82006 /* Pods */ = {
			isa = PBXGroup;
			children = (
				D438D8E35AE2FBC94C38C72C /* Pods-YumFun.debug.xcconfig */,
				739EB47224F8B0C399339A75 /* Pods-YumFun.release.xcconfig */,
			);
			path = Pods;
			sourceTree = "<group>";
		};
		52D354F7D5B1E4E13C021112 /* Frameworks */ = {
			isa = PBXGroup;
			children = (
				54F5329A67B931D9FA451352 /* Pods_YumFun.framework */,
			);
			name = Frameworks;
			sourceTree = "<group>";
		};
		C57662AE25DBF9D600642CF2 = {
			isa = PBXGroup;
			children = (
				C57662B925DBF9D600642CF2 /* YumFun */,
				C57662B825DBF9D600642CF2 /* Products */,
				32B98297541E3E0DA7B82006 /* Pods */,
				52D354F7D5B1E4E13C021112 /* Frameworks */,
			);
			sourceTree = "<group>";
		};
		C57662B825DBF9D600642CF2 /* Products */ = {
			isa = PBXGroup;
			children = (
				C57662B725DBF9D600642CF2 /* YumFun.app */,
			);
			name = Products;
			sourceTree = "<group>";
		};
		C57662B925DBF9D600642CF2 /* YumFun */ = {
			isa = PBXGroup;
			children = (
				84A885FF25DD9374004684DA /* GoogleService-Info.plist */,
				C57662DE25DBFF3700642CF2 /* Model */,
				C57662DF25DBFF4100642CF2 /* View */,
				C57662DD25DBFEF400642CF2 /* Controller */,
				C57662C825DBF9D700642CF2 /* Info.plist */,
				C57662E025DBFF7800642CF2 /* Supporting Files */,
				C57662C325DBF9D700642CF2 /* Assets.xcassets */,
			);
			path = YumFun;
			sourceTree = "<group>";
		};
		C57662DD25DBFEF400642CF2 /* Controller */ = {
			isa = PBXGroup;
			children = (
				C5A5EA7825E3A90700315088 /* Profile */,
				C57662BE25DBF9D600642CF2 /* ViewController.swift */,
				C57662BC25DBF9D600642CF2 /* SceneDelegate.swift */,
				C57662BA25DBF9D600642CF2 /* AppDelegate.swift */,
				84A8861125DD9F85004684DA /* HomeViewController.swift */,
			);
			path = Controller;
			sourceTree = "<group>";
		};
		C57662DE25DBFF3700642CF2 /* Model */ = {
			isa = PBXGroup;
			children = (
			);
			path = Model;
			sourceTree = "<group>";
		};
		C57662DF25DBFF4100642CF2 /* View */ = {
			isa = PBXGroup;
			children = (
				C57662C525DBF9D700642CF2 /* LaunchScreen.storyboard */,
				C57662C025DBF9D600642CF2 /* Main.storyboard */,
			);
			path = View;
			sourceTree = "<group>";
		};
		C57662E025DBFF7800642CF2 /* Supporting Files */ = {
			isa = PBXGroup;
			children = (
			);
			path = "Supporting Files";
			sourceTree = "<group>";
		};
		C5A5EA7825E3A90700315088 /* Profile */ = {
			isa = PBXGroup;
			children = (
				C5A5EA6B25E2D67D00315088 /* RecipePreviewCellController.swift */,
				C5A5EA6825E1BE6D00315088 /* ProfileViewController.swift */,
				C5A5EA7925E3A94E00315088 /* ProfileEditPage.swift */,
			);
			path = Profile;
			sourceTree = "<group>";
		};
/* End PBXGroup section */

/* Begin PBXNativeTarget section */
		C57662B625DBF9D600642CF2 /* YumFun */ = {
			isa = PBXNativeTarget;
			buildConfigurationList = C57662CB25DBF9D700642CF2 /* Build configuration list for PBXNativeTarget "YumFun" */;
			buildPhases = (
				C8321A3C7DA63E2357079409 /* [CP] Check Pods Manifest.lock */,
				C57662B325DBF9D600642CF2 /* Sources */,
				C57662B425DBF9D600642CF2 /* Frameworks */,
				C57662B525DBF9D600642CF2 /* Resources */,
				B795F2646F377513B9052950 /* [CP] Embed Pods Frameworks */,
			);
			buildRules = (
			);
			dependencies = (
			);
			name = YumFun;
			productName = YumFun;
			productReference = C57662B725DBF9D600642CF2 /* YumFun.app */;
			productType = "com.apple.product-type.application";
		};
/* End PBXNativeTarget section */

/* Begin PBXProject section */
		C57662AF25DBF9D600642CF2 /* Project object */ = {
			isa = PBXProject;
			attributes = {
				LastSwiftUpdateCheck = 1240;
				LastUpgradeCheck = 1240;
				TargetAttributes = {
					C57662B625DBF9D600642CF2 = {
						CreatedOnToolsVersion = 12.4;
					};
				};
			};
			buildConfigurationList = C57662B225DBF9D600642CF2 /* Build configuration list for PBXProject "YumFun" */;
			compatibilityVersion = "Xcode 9.3";
			developmentRegion = en;
			hasScannedForEncodings = 0;
			knownRegions = (
				en,
				Base,
			);
			mainGroup = C57662AE25DBF9D600642CF2;
			productRefGroup = C57662B825DBF9D600642CF2 /* Products */;
			projectDirPath = "";
			projectRoot = "";
			targets = (
				C57662B625DBF9D600642CF2 /* YumFun */,
			);
		};
/* End PBXProject section */

/* Begin PBXResourcesBuildPhase section */
		C57662B525DBF9D600642CF2 /* Resources */ = {
			isa = PBXResourcesBuildPhase;
			buildActionMask = 2147483647;
			files = (
				C57662C725DBF9D700642CF2 /* LaunchScreen.storyboard in Resources */,
				C57662C425DBF9D700642CF2 /* Assets.xcassets in Resources */,
				C57662C225DBF9D600642CF2 /* Main.storyboard in Resources */,
				84A8860025DD9374004684DA /* GoogleService-Info.plist in Resources */,
			);
			runOnlyForDeploymentPostprocessing = 0;
		};
/* End PBXResourcesBuildPhase section */

/* Begin PBXShellScriptBuildPhase section */
		B795F2646F377513B9052950 /* [CP] Embed Pods Frameworks */ = {
			isa = PBXShellScriptBuildPhase;
			buildActionMask = 2147483647;
			files = (
			);
			inputFileListPaths = (
				"${PODS_ROOT}/Target Support Files/Pods-YumFun/Pods-YumFun-frameworks-${CONFIGURATION}-input-files.xcfilelist",
			);
			name = "[CP] Embed Pods Frameworks";
			outputFileListPaths = (
				"${PODS_ROOT}/Target Support Files/Pods-YumFun/Pods-YumFun-frameworks-${CONFIGURATION}-output-files.xcfilelist",
			);
			runOnlyForDeploymentPostprocessing = 0;
			shellPath = /bin/sh;
			shellScript = "\"${PODS_ROOT}/Target Support Files/Pods-YumFun/Pods-YumFun-frameworks.sh\"\n";
			showEnvVarsInLog = 0;
		};
		C8321A3C7DA63E2357079409 /* [CP] Check Pods Manifest.lock */ = {
			isa = PBXShellScriptBuildPhase;
			buildActionMask = 2147483647;
			files = (
			);
			inputFileListPaths = (
			);
			inputPaths = (
				"${PODS_PODFILE_DIR_PATH}/Podfile.lock",
				"${PODS_ROOT}/Manifest.lock",
			);
			name = "[CP] Check Pods Manifest.lock";
			outputFileListPaths = (
			);
			outputPaths = (
				"$(DERIVED_FILE_DIR)/Pods-YumFun-checkManifestLockResult.txt",
			);
			runOnlyForDeploymentPostprocessing = 0;
			shellPath = /bin/sh;
			shellScript = "diff \"${PODS_PODFILE_DIR_PATH}/Podfile.lock\" \"${PODS_ROOT}/Manifest.lock\" > /dev/null\nif [ $? != 0 ] ; then\n    # print error to STDERR\n    echo \"error: The sandbox is not in sync with the Podfile.lock. Run 'pod install' or update your CocoaPods installation.\" >&2\n    exit 1\nfi\n# This output is used by Xcode 'outputs' to avoid re-running this script phase.\necho \"SUCCESS\" > \"${SCRIPT_OUTPUT_FILE_0}\"\n";
			showEnvVarsInLog = 0;
		};
/* End PBXShellScriptBuildPhase section */

/* Begin PBXSourcesBuildPhase section */
		C57662B325DBF9D600642CF2 /* Sources */ = {
			isa = PBXSourcesBuildPhase;
			buildActionMask = 2147483647;
			files = (
				C57662BF25DBF9D600642CF2 /* ViewController.swift in Sources */,
				C57662BB25DBF9D600642CF2 /* AppDelegate.swift in Sources */,
				C5A5EA6D25E2D67D00315088 /* RecipePreviewCellController.swift in Sources */,
				C5A5EA6925E1BE6D00315088 /* ProfileViewController.swift in Sources */,
				C57662BD25DBF9D600642CF2 /* SceneDelegate.swift in Sources */,
				84A8861225DD9F85004684DA /* HomeViewController.swift in Sources */,
				C5A5EA7A25E3A94E00315088 /* ProfileEditPage.swift in Sources */,
			);
			runOnlyForDeploymentPostprocessing = 0;
		};
/* End PBXSourcesBuildPhase section */

/* Begin PBXVariantGroup section */
		C57662C025DBF9D600642CF2 /* Main.storyboard */ = {
			isa = PBXVariantGroup;
			children = (
				C57662C125DBF9D600642CF2 /* Base */,
			);
			name = Main.storyboard;
			sourceTree = "<group>";
		};
		C57662C525DBF9D700642CF2 /* LaunchScreen.storyboard */ = {
			isa = PBXVariantGroup;
			children = (
				C57662C625DBF9D700642CF2 /* Base */,
			);
			name = LaunchScreen.storyboard;
			sourceTree = "<group>";
		};
/* End PBXVariantGroup section */

/* Begin XCBuildConfiguration section */
		C57662C925DBF9D700642CF2 /* Debug */ = {
			isa = XCBuildConfiguration;
			buildSettings = {
				ALWAYS_SEARCH_USER_PATHS = NO;
				CLANG_ANALYZER_NONNULL = YES;
				CLANG_ANALYZER_NUMBER_OBJECT_CONVERSION = YES_AGGRESSIVE;
				CLANG_CXX_LANGUAGE_STANDARD = "gnu++14";
				CLANG_CXX_LIBRARY = "libc++";
				CLANG_ENABLE_MODULES = YES;
				CLANG_ENABLE_OBJC_ARC = YES;
				CLANG_ENABLE_OBJC_WEAK = YES;
				CLANG_WARN_BLOCK_CAPTURE_AUTORELEASING = YES;
				CLANG_WARN_BOOL_CONVERSION = YES;
				CLANG_WARN_COMMA = YES;
				CLANG_WARN_CONSTANT_CONVERSION = YES;
				CLANG_WARN_DEPRECATED_OBJC_IMPLEMENTATIONS = YES;
				CLANG_WARN_DIRECT_OBJC_ISA_USAGE = YES_ERROR;
				CLANG_WARN_DOCUMENTATION_COMMENTS = YES;
				CLANG_WARN_EMPTY_BODY = YES;
				CLANG_WARN_ENUM_CONVERSION = YES;
				CLANG_WARN_INFINITE_RECURSION = YES;
				CLANG_WARN_INT_CONVERSION = YES;
				CLANG_WARN_NON_LITERAL_NULL_CONVERSION = YES;
				CLANG_WARN_OBJC_IMPLICIT_RETAIN_SELF = YES;
				CLANG_WARN_OBJC_LITERAL_CONVERSION = YES;
				CLANG_WARN_OBJC_ROOT_CLASS = YES_ERROR;
				CLANG_WARN_QUOTED_INCLUDE_IN_FRAMEWORK_HEADER = YES;
				CLANG_WARN_RANGE_LOOP_ANALYSIS = YES;
				CLANG_WARN_STRICT_PROTOTYPES = YES;
				CLANG_WARN_SUSPICIOUS_MOVE = YES;
				CLANG_WARN_UNGUARDED_AVAILABILITY = YES_AGGRESSIVE;
				CLANG_WARN_UNREACHABLE_CODE = YES;
				CLANG_WARN__DUPLICATE_METHOD_MATCH = YES;
				COPY_PHASE_STRIP = NO;
				DEBUG_INFORMATION_FORMAT = dwarf;
				ENABLE_STRICT_OBJC_MSGSEND = YES;
				ENABLE_TESTABILITY = YES;
				GCC_C_LANGUAGE_STANDARD = gnu11;
				GCC_DYNAMIC_NO_PIC = NO;
				GCC_NO_COMMON_BLOCKS = YES;
				GCC_OPTIMIZATION_LEVEL = 0;
				GCC_PREPROCESSOR_DEFINITIONS = (
					"DEBUG=1",
					"$(inherited)",
				);
				GCC_WARN_64_TO_32_BIT_CONVERSION = YES;
				GCC_WARN_ABOUT_RETURN_TYPE = YES_ERROR;
				GCC_WARN_UNDECLARED_SELECTOR = YES;
				GCC_WARN_UNINITIALIZED_AUTOS = YES_AGGRESSIVE;
				GCC_WARN_UNUSED_FUNCTION = YES;
				GCC_WARN_UNUSED_VARIABLE = YES;
				IPHONEOS_DEPLOYMENT_TARGET = 14.4;
				MTL_ENABLE_DEBUG_INFO = INCLUDE_SOURCE;
				MTL_FAST_MATH = YES;
				ONLY_ACTIVE_ARCH = YES;
				SDKROOT = iphoneos;
				SWIFT_ACTIVE_COMPILATION_CONDITIONS = DEBUG;
				SWIFT_OPTIMIZATION_LEVEL = "-Onone";
			};
			name = Debug;
		};
		C57662CA25DBF9D700642CF2 /* Release */ = {
			isa = XCBuildConfiguration;
			buildSettings = {
				ALWAYS_SEARCH_USER_PATHS = NO;
				CLANG_ANALYZER_NONNULL = YES;
				CLANG_ANALYZER_NUMBER_OBJECT_CONVERSION = YES_AGGRESSIVE;
				CLANG_CXX_LANGUAGE_STANDARD = "gnu++14";
				CLANG_CXX_LIBRARY = "libc++";
				CLANG_ENABLE_MODULES = YES;
				CLANG_ENABLE_OBJC_ARC = YES;
				CLANG_ENABLE_OBJC_WEAK = YES;
				CLANG_WARN_BLOCK_CAPTURE_AUTORELEASING = YES;
				CLANG_WARN_BOOL_CONVERSION = YES;
				CLANG_WARN_COMMA = YES;
				CLANG_WARN_CONSTANT_CONVERSION = YES;
				CLANG_WARN_DEPRECATED_OBJC_IMPLEMENTATIONS = YES;
				CLANG_WARN_DIRECT_OBJC_ISA_USAGE = YES_ERROR;
				CLANG_WARN_DOCUMENTATION_COMMENTS = YES;
				CLANG_WARN_EMPTY_BODY = YES;
				CLANG_WARN_ENUM_CONVERSION = YES;
				CLANG_WARN_INFINITE_RECURSION = YES;
				CLANG_WARN_INT_CONVERSION = YES;
				CLANG_WARN_NON_LITERAL_NULL_CONVERSION = YES;
				CLANG_WARN_OBJC_IMPLICIT_RETAIN_SELF = YES;
				CLANG_WARN_OBJC_LITERAL_CONVERSION = YES;
				CLANG_WARN_OBJC_ROOT_CLASS = YES_ERROR;
				CLANG_WARN_QUOTED_INCLUDE_IN_FRAMEWORK_HEADER = YES;
				CLANG_WARN_RANGE_LOOP_ANALYSIS = YES;
				CLANG_WARN_STRICT_PROTOTYPES = YES;
				CLANG_WARN_SUSPICIOUS_MOVE = YES;
				CLANG_WARN_UNGUARDED_AVAILABILITY = YES_AGGRESSIVE;
				CLANG_WARN_UNREACHABLE_CODE = YES;
				CLANG_WARN__DUPLICATE_METHOD_MATCH = YES;
				COPY_PHASE_STRIP = NO;
				DEBUG_INFORMATION_FORMAT = "dwarf-with-dsym";
				ENABLE_NS_ASSERTIONS = NO;
				ENABLE_STRICT_OBJC_MSGSEND = YES;
				GCC_C_LANGUAGE_STANDARD = gnu11;
				GCC_NO_COMMON_BLOCKS = YES;
				GCC_WARN_64_TO_32_BIT_CONVERSION = YES;
				GCC_WARN_ABOUT_RETURN_TYPE = YES_ERROR;
				GCC_WARN_UNDECLARED_SELECTOR = YES;
				GCC_WARN_UNINITIALIZED_AUTOS = YES_AGGRESSIVE;
				GCC_WARN_UNUSED_FUNCTION = YES;
				GCC_WARN_UNUSED_VARIABLE = YES;
				IPHONEOS_DEPLOYMENT_TARGET = 14.4;
				MTL_ENABLE_DEBUG_INFO = NO;
				MTL_FAST_MATH = YES;
				SDKROOT = iphoneos;
				SWIFT_COMPILATION_MODE = wholemodule;
				SWIFT_OPTIMIZATION_LEVEL = "-O";
				VALIDATE_PRODUCT = YES;
			};
			name = Release;
		};
		C57662CC25DBF9D700642CF2 /* Debug */ = {
			isa = XCBuildConfiguration;
			baseConfigurationReference = D438D8E35AE2FBC94C38C72C /* Pods-YumFun.debug.xcconfig */;
			buildSettings = {
				ASSETCATALOG_COMPILER_APPICON_NAME = AppIcon;
				ASSETCATALOG_COMPILER_GLOBAL_ACCENT_COLOR_NAME = AccentColor;
				CODE_SIGN_STYLE = Automatic;
				INFOPLIST_FILE = YumFun/Info.plist;
				IPHONEOS_DEPLOYMENT_TARGET = 13.2;
				LD_RUNPATH_SEARCH_PATHS = (
					"$(inherited)",
					"@executable_path/Frameworks",
				);
				PRODUCT_BUNDLE_IDENTIFIER = edu.ucdavcs.189e.CodexCoders.YumFun;
				PRODUCT_NAME = "$(TARGET_NAME)";
				SWIFT_VERSION = 5.0;
				TARGETED_DEVICE_FAMILY = "1,2";
			};
			name = Debug;
		};
		C57662CD25DBF9D700642CF2 /* Release */ = {
			isa = XCBuildConfiguration;
			baseConfigurationReference = 739EB47224F8B0C399339A75 /* Pods-YumFun.release.xcconfig */;
			buildSettings = {
				ASSETCATALOG_COMPILER_APPICON_NAME = AppIcon;
				ASSETCATALOG_COMPILER_GLOBAL_ACCENT_COLOR_NAME = AccentColor;
				CODE_SIGN_STYLE = Automatic;
				INFOPLIST_FILE = YumFun/Info.plist;
				IPHONEOS_DEPLOYMENT_TARGET = 13.2;
				LD_RUNPATH_SEARCH_PATHS = (
					"$(inherited)",
					"@executable_path/Frameworks",
				);
				PRODUCT_BUNDLE_IDENTIFIER = edu.ucdavcs.189e.CodexCoders.YumFun;
				PRODUCT_NAME = "$(TARGET_NAME)";
				SWIFT_VERSION = 5.0;
				TARGETED_DEVICE_FAMILY = "1,2";
			};
			name = Release;
		};
/* End XCBuildConfiguration section */

/* Begin XCConfigurationList section */
		C57662B225DBF9D600642CF2 /* Build configuration list for PBXProject "YumFun" */ = {
			isa = XCConfigurationList;
			buildConfigurations = (
				C57662C925DBF9D700642CF2 /* Debug */,
				C57662CA25DBF9D700642CF2 /* Release */,
			);
			defaultConfigurationIsVisible = 0;
			defaultConfigurationName = Release;
		};
		C57662CB25DBF9D700642CF2 /* Build configuration list for PBXNativeTarget "YumFun" */ = {
			isa = XCConfigurationList;
			buildConfigurations = (
				C57662CC25DBF9D700642CF2 /* Debug */,
				C57662CD25DBF9D700642CF2 /* Release */,
			);
			defaultConfigurationIsVisible = 0;
			defaultConfigurationName = Release;
		};
/* End XCConfigurationList section */
	};
	rootObject = C57662AF25DBF9D600642CF2 /* Project object */;
}
