// !$*UTF8*$!
{
	archiveVersion = 1;
	classes = {
	};
	objectVersion = 54;
	objects = {

/* Begin PBXBuildFile section */
		214E7E8A25ECC6D000B13CE4 /* CollabSession.swift in Sources */ = {isa = PBXBuildFile; fileRef = 214E7E8925ECC6D000B13CE4 /* CollabSession.swift */; };
		214E7E8D25ED11C200B13CE4 /* CollabTest.storyboard in Resources */ = {isa = PBXBuildFile; fileRef = 214E7E8C25ED11C200B13CE4 /* CollabTest.storyboard */; };
		214E7E9025ED11D700B13CE4 /* CollabTestViewController.swift in Sources */ = {isa = PBXBuildFile; fileRef = 214E7E8F25ED11D700B13CE4 /* CollabTestViewController.swift */; };
		214E7F9025EFA55000B13CE4 /* CustomTabBarViewController.swift in Sources */ = {isa = PBXBuildFile; fileRef = 214E7F8F25EFA55000B13CE4 /* CustomTabBarViewController.swift */; };
		214E7F9325EFB27000B13CE4 /* NotificationType.swift in Sources */ = {isa = PBXBuildFile; fileRef = 214E7F9225EFB27000B13CE4 /* NotificationType.swift */; };
		214E804725F010A700B13CE4 /* CustomImageClipViewController.swift in Sources */ = {isa = PBXBuildFile; fileRef = 214E804625F010A700B13CE4 /* CustomImageClipViewController.swift */; };
		214E804A25F010CF00B13CE4 /* CustomOverlay.swift in Sources */ = {isa = PBXBuildFile; fileRef = 214E804925F010CF00B13CE4 /* CustomOverlay.swift */; };
		214E80DE25F02C6500B13CE4 /* BottomPopUp.swift in Sources */ = {isa = PBXBuildFile; fileRef = 214E80DD25F02C6500B13CE4 /* BottomPopUp.swift */; };
		214E812025F16D5500B13CE4 /* Font.swift in Sources */ = {isa = PBXBuildFile; fileRef = 214E811F25F16D5500B13CE4 /* Font.swift */; };
		214E812325F16E2500B13CE4 /* UIColor+Utils.swift in Sources */ = {isa = PBXBuildFile; fileRef = 214E812225F16E2500B13CE4 /* UIColor+Utils.swift */; };
		214E81C925F2314800B13CE4 /* TopPopUp.swift in Sources */ = {isa = PBXBuildFile; fileRef = 214E81C825F2314800B13CE4 /* TopPopUp.swift */; };
		214E81CC25F233D300B13CE4 /* ViewComponentTest.storyboard in Resources */ = {isa = PBXBuildFile; fileRef = 214E81CB25F233D300B13CE4 /* ViewComponentTest.storyboard */; };
		214E81CF25F233E900B13CE4 /* ViewComponentTestViewController.swift in Sources */ = {isa = PBXBuildFile; fileRef = 214E81CE25F233E900B13CE4 /* ViewComponentTestViewController.swift */; };
		2185052625E9015100A9D46C /* CloudStorageApi.swift in Sources */ = {isa = PBXBuildFile; fileRef = 2185052525E9015100A9D46C /* CloudStorageApi.swift */; };
		2185052925E941BC00A9D46C /* CloudStorageTest.storyboard in Resources */ = {isa = PBXBuildFile; fileRef = 2185052825E941BC00A9D46C /* CloudStorageTest.storyboard */; };
		2185052C25E941E900A9D46C /* CloudStorageTestViewController.swift in Sources */ = {isa = PBXBuildFile; fileRef = 2185052B25E941E900A9D46C /* CloudStorageTestViewController.swift */; };
		2185054E25E98B3A00A9D46C /* Core.swift in Sources */ = {isa = PBXBuildFile; fileRef = 2185054D25E98B3A00A9D46C /* Core.swift */; };
		2185055425EA75EC00A9D46C /* Error.swift in Sources */ = {isa = PBXBuildFile; fileRef = 2185055325EA75EC00A9D46C /* Error.swift */; };
		2185055925EA8E7F00A9D46C /* Notifiable.swift in Sources */ = {isa = PBXBuildFile; fileRef = 2185055825EA8E7F00A9D46C /* Notifiable.swift */; };
		21A8364725E02252005933AE /* FirestoreTest.storyboard in Resources */ = {isa = PBXBuildFile; fileRef = 21A8364625E02252005933AE /* FirestoreTest.storyboard */; };
		21A8364D25E022DC005933AE /* FirestoreTestViewController.swift in Sources */ = {isa = PBXBuildFile; fileRef = 21A8364C25E022DC005933AE /* FirestoreTestViewController.swift */; };
		21A8365225E023E4005933AE /* FirestoreApi.swift in Sources */ = {isa = PBXBuildFile; fileRef = 21A8365125E023E4005933AE /* FirestoreApi.swift */; };
		21A8367125E0364B005933AE /* RecipeExt.swift in Sources */ = {isa = PBXBuildFile; fileRef = 21A8367025E0364B005933AE /* RecipeExt.swift */; };
		21F2AE4325E2881900C6F973 /* Recipe.swift in Sources */ = {isa = PBXBuildFile; fileRef = 21F2AE4225E2881900C6F973 /* Recipe.swift */; };
		21F2AE4725E288ED00C6F973 /* UpdateTrackableProtocol.swift in Sources */ = {isa = PBXBuildFile; fileRef = 21F2AE4625E288ED00C6F973 /* UpdateTrackableProtocol.swift */; };
		21F2AE4B25E2DFA300C6F973 /* RecipeComponents.swift in Sources */ = {isa = PBXBuildFile; fileRef = 21F2AE4A25E2DFA300C6F973 /* RecipeComponents.swift */; };
		21F2AE5225E3A39600C6F973 /* User.swift in Sources */ = {isa = PBXBuildFile; fileRef = 21F2AE5125E3A39600C6F973 /* User.swift */; };
		21F2AE5625E3B44300C6F973 /* CrudProtocol.swift in Sources */ = {isa = PBXBuildFile; fileRef = 21F2AE5525E3B44300C6F973 /* CrudProtocol.swift */; };
		27EEED4B96116007E5C80910 /* Pods_YumFun.framework in Frameworks */ = {isa = PBXBuildFile; fileRef = 0F8AF42751F2B66D075A2993 /* Pods_YumFun.framework */; };
		8432C50025F45CF500564AD2 /* TimerViewController.swift in Sources */ = {isa = PBXBuildFile; fileRef = 8432C4FF25F45CF500564AD2 /* TimerViewController.swift */; };
		84A8860025DD9374004684DA /* GoogleService-Info.plist in Resources */ = {isa = PBXBuildFile; fileRef = 84A885FF25DD9374004684DA /* GoogleService-Info.plist */; };
		84A8865F25E3316A004684DA /* swift+gif.swift in Sources */ = {isa = PBXBuildFile; fileRef = 84A8865E25E3316A004684DA /* swift+gif.swift */; };
		84A8866225E3317F004684DA /* flavors-of-youth.gif in Resources */ = {isa = PBXBuildFile; fileRef = 84A8866125E3317F004684DA /* flavors-of-youth.gif */; };
		84A8866E25E33B0C004684DA /* LaunchScreenController.swift in Sources */ = {isa = PBXBuildFile; fileRef = 84A8866D25E33B0C004684DA /* LaunchScreenController.swift */; };
		84A8867C25E34EAA004684DA /* SignUpViewController.swift in Sources */ = {isa = PBXBuildFile; fileRef = 84A8867B25E34EAA004684DA /* SignUpViewController.swift */; };
		A137B1BA25ED4EA2009A661D /* Utility.swift in Sources */ = {isa = PBXBuildFile; fileRef = A137B1B925ED4EA2009A661D /* Utility.swift */; };
		A1A58A4525ED8FAC00AE7B1A /* DiscoverTextCell.swift in Sources */ = {isa = PBXBuildFile; fileRef = A1A58A4025ED8FAC00AE7B1A /* DiscoverTextCell.swift */; };
		A1A58A4625ED8FAC00AE7B1A /* DiscoverImageCell.swift in Sources */ = {isa = PBXBuildFile; fileRef = A1A58A4125ED8FAC00AE7B1A /* DiscoverImageCell.swift */; };
		A1A58A4725ED8FAC00AE7B1A /* CircularImageView.swift in Sources */ = {isa = PBXBuildFile; fileRef = A1A58A4225ED8FAC00AE7B1A /* CircularImageView.swift */; };
		A1A58A4825ED8FAC00AE7B1A /* DiscoverViewController.swift in Sources */ = {isa = PBXBuildFile; fileRef = A1A58A4325ED8FAC00AE7B1A /* DiscoverViewController.swift */; };
		A1A58A4925ED8FAC00AE7B1A /* RecipeDetailViewController.swift in Sources */ = {isa = PBXBuildFile; fileRef = A1A58A4425ED8FAC00AE7B1A /* RecipeDetailViewController.swift */; };
		A1A58A4D25ED8FBA00AE7B1A /* PrepareViewController.swift in Sources */ = {isa = PBXBuildFile; fileRef = A1A58A4C25ED8FBA00AE7B1A /* PrepareViewController.swift */; };
		A1A58A5025ED8FC800AE7B1A /* Cooking.storyboard in Resources */ = {isa = PBXBuildFile; fileRef = A1A58A4F25ED8FC800AE7B1A /* Cooking.storyboard */; };
		A1A58A5D25ED8FD700AE7B1A /* ModelDataHandler.swift in Sources */ = {isa = PBXBuildFile; fileRef = A1A58A5425ED8FD700AE7B1A /* ModelDataHandler.swift */; };
		A1A58A5E25ED8FD700AE7B1A /* CVPixelBufferExtension.swift in Sources */ = {isa = PBXBuildFile; fileRef = A1A58A5625ED8FD700AE7B1A /* CVPixelBufferExtension.swift */; };
		A1A58A5F25ED8FD700AE7B1A /* labels.txt in Resources */ = {isa = PBXBuildFile; fileRef = A1A58A5825ED8FD700AE7B1A /* labels.txt */; };
		A1A58A6025ED8FD700AE7B1A /* model.tflite in Resources */ = {isa = PBXBuildFile; fileRef = A1A58A5925ED8FD700AE7B1A /* model.tflite */; };
		A1A58A6125ED8FD700AE7B1A /* PreviewView.swift in Sources */ = {isa = PBXBuildFile; fileRef = A1A58A5B25ED8FD700AE7B1A /* PreviewView.swift */; };
		A1A58A6225ED8FD700AE7B1A /* CameraFeedManager.swift in Sources */ = {isa = PBXBuildFile; fileRef = A1A58A5C25ED8FD700AE7B1A /* CameraFeedManager.swift */; };
		A1A58A6925ED925800AE7B1A /* AvatarCell.swift in Sources */ = {isa = PBXBuildFile; fileRef = A1A58A6825ED925800AE7B1A /* AvatarCell.swift */; };
		A1A58A6C25ED94C600AE7B1A /* StepCell.swift in Sources */ = {isa = PBXBuildFile; fileRef = A1A58A6B25ED94C600AE7B1A /* StepCell.swift */; };
		A1A58B7B25F0392000AE7B1A /* CookingViewController.swift in Sources */ = {isa = PBXBuildFile; fileRef = A1A58B7A25F0392000AE7B1A /* CookingViewController.swift */; };
		A1A58BBF25F23B4800AE7B1A /* CookingStepCell.swift in Sources */ = {isa = PBXBuildFile; fileRef = A1A58BBE25F23B4800AE7B1A /* CookingStepCell.swift */; };
		A1A58BE525F2668F00AE7B1A /* StepDetailViewController.swift in Sources */ = {isa = PBXBuildFile; fileRef = A1A58BE425F2668F00AE7B1A /* StepDetailViewController.swift */; };
		C54B905F25EF604C00DCE690 /* UserListViewController.swift in Sources */ = {isa = PBXBuildFile; fileRef = C54B905E25EF604C00DCE690 /* UserListViewController.swift */; };
		C54B906225EF66A800DCE690 /* UserCell.swift in Sources */ = {isa = PBXBuildFile; fileRef = C54B906125EF66A800DCE690 /* UserCell.swift */; };
		C56C5D0F25E4524900DD1CD7 /* RecipePreviewCellController.swift in Sources */ = {isa = PBXBuildFile; fileRef = C56C5D0C25E4524900DD1CD7 /* RecipePreviewCellController.swift */; };
		C56C5D1025E4524900DD1CD7 /* ProfileViewController.swift in Sources */ = {isa = PBXBuildFile; fileRef = C56C5D0D25E4524900DD1CD7 /* ProfileViewController.swift */; };
		C56C5D1125E4524900DD1CD7 /* ProfileEditPage.swift in Sources */ = {isa = PBXBuildFile; fileRef = C56C5D0E25E4524900DD1CD7 /* ProfileEditPage.swift */; };
		C57662BB25DBF9D600642CF2 /* AppDelegate.swift in Sources */ = {isa = PBXBuildFile; fileRef = C57662BA25DBF9D600642CF2 /* AppDelegate.swift */; };
		C57662BD25DBF9D600642CF2 /* SceneDelegate.swift in Sources */ = {isa = PBXBuildFile; fileRef = C57662BC25DBF9D600642CF2 /* SceneDelegate.swift */; };
		C57662BF25DBF9D600642CF2 /* ViewController.swift in Sources */ = {isa = PBXBuildFile; fileRef = C57662BE25DBF9D600642CF2 /* ViewController.swift */; };
		C57662C225DBF9D600642CF2 /* Main.storyboard in Resources */ = {isa = PBXBuildFile; fileRef = C57662C025DBF9D600642CF2 /* Main.storyboard */; };
		C57662C425DBF9D700642CF2 /* Assets.xcassets in Resources */ = {isa = PBXBuildFile; fileRef = C57662C325DBF9D700642CF2 /* Assets.xcassets */; };
		C57662C725DBF9D700642CF2 /* LaunchScreen.storyboard in Resources */ = {isa = PBXBuildFile; fileRef = C57662C525DBF9D700642CF2 /* LaunchScreen.storyboard */; };
		C588202925EF7B4300FC2540 /* PlaceholderImage.swift in Sources */ = {isa = PBXBuildFile; fileRef = C588202825EF7B4300FC2540 /* PlaceholderImage.swift */; };
		C5F6B44E25E7218100EA5ACE /* EditDetailController.swift in Sources */ = {isa = PBXBuildFile; fileRef = C5F6B44D25E7218100EA5ACE /* EditDetailController.swift */; };
		C5FD261125EC0E2200EA28E0 /* ImagePickerManager.swift in Sources */ = {isa = PBXBuildFile; fileRef = C5FD261025EC0E2200EA28E0 /* ImagePickerManager.swift */; };
		EF9A1E2E25F2E6C400F732D3 /* RecipeInput.storyboard in Resources */ = {isa = PBXBuildFile; fileRef = EF9A1E2D25F2E6C400F732D3 /* RecipeInput.storyboard */; };
		EF9A1E3125F2E73100F732D3 /* InputRecipeStepsViewController.swift in Sources */ = {isa = PBXBuildFile; fileRef = EF9A1E3025F2E73100F732D3 /* InputRecipeStepsViewController.swift */; };
		EF9A1E3425F2E73F00F732D3 /* EditStepViewController.swift in Sources */ = {isa = PBXBuildFile; fileRef = EF9A1E3325F2E73F00F732D3 /* EditStepViewController.swift */; };
		EF9A1E3725F2E74D00F732D3 /* RecipeSaveViewController.swift in Sources */ = {isa = PBXBuildFile; fileRef = EF9A1E3625F2E74D00F732D3 /* RecipeSaveViewController.swift */; };
		EF9A1E3A25F2E76000F732D3 /* RecipeSearchViewController.swift in Sources */ = {isa = PBXBuildFile; fileRef = EF9A1E3925F2E76000F732D3 /* RecipeSearchViewController.swift */; };
		EF9A1E3D25F2E76F00F732D3 /* ChooseRecipeInputViewController.swift in Sources */ = {isa = PBXBuildFile; fileRef = EF9A1E3C25F2E76F00F732D3 /* ChooseRecipeInputViewController.swift */; };
		EFC74C0725EC5E120037CFEC /* StartRecipeInputViewController.swift in Sources */ = {isa = PBXBuildFile; fileRef = EFC74C0625EC5E120037CFEC /* StartRecipeInputViewController.swift */; };
		EFC74C0A25EC5EC20037CFEC /* SecondRecipeInputViewController.swift in Sources */ = {isa = PBXBuildFile; fileRef = EFC74C0925EC5EC20037CFEC /* SecondRecipeInputViewController.swift */; };
		EFC74C1125EC5F700037CFEC /* InputRecipeIngredientsViewController.swift in Sources */ = {isa = PBXBuildFile; fileRef = EFC74C1025EC5F700037CFEC /* InputRecipeIngredientsViewController.swift */; };
		EFC74C1425EC5FE30037CFEC /* EditIngredientViewController.swift in Sources */ = {isa = PBXBuildFile; fileRef = EFC74C1325EC5FE30037CFEC /* EditIngredientViewController.swift */; };
/* End PBXBuildFile section */

/* Begin PBXFileReference section */
		0F8AF42751F2B66D075A2993 /* Pods_YumFun.framework */ = {isa = PBXFileReference; explicitFileType = wrapper.framework; includeInIndex = 0; path = Pods_YumFun.framework; sourceTree = BUILT_PRODUCTS_DIR; };
		19808E7616160D342C2D7749 /* Pods-YumFun.debug.xcconfig */ = {isa = PBXFileReference; includeInIndex = 1; lastKnownFileType = text.xcconfig; name = "Pods-YumFun.debug.xcconfig"; path = "Target Support Files/Pods-YumFun/Pods-YumFun.debug.xcconfig"; sourceTree = "<group>"; };
		214E7E8925ECC6D000B13CE4 /* CollabSession.swift */ = {isa = PBXFileReference; lastKnownFileType = sourcecode.swift; path = CollabSession.swift; sourceTree = "<group>"; };
		214E7E8C25ED11C200B13CE4 /* CollabTest.storyboard */ = {isa = PBXFileReference; lastKnownFileType = file.storyboard; path = CollabTest.storyboard; sourceTree = "<group>"; };
		214E7E8F25ED11D700B13CE4 /* CollabTestViewController.swift */ = {isa = PBXFileReference; lastKnownFileType = sourcecode.swift; path = CollabTestViewController.swift; sourceTree = "<group>"; };
		214E7F8F25EFA55000B13CE4 /* CustomTabBarViewController.swift */ = {isa = PBXFileReference; lastKnownFileType = sourcecode.swift; path = CustomTabBarViewController.swift; sourceTree = "<group>"; };
		214E7F9225EFB27000B13CE4 /* NotificationType.swift */ = {isa = PBXFileReference; lastKnownFileType = sourcecode.swift; path = NotificationType.swift; sourceTree = "<group>"; };
		214E804625F010A700B13CE4 /* CustomImageClipViewController.swift */ = {isa = PBXFileReference; lastKnownFileType = sourcecode.swift; path = CustomImageClipViewController.swift; sourceTree = "<group>"; };
		214E804925F010CF00B13CE4 /* CustomOverlay.swift */ = {isa = PBXFileReference; lastKnownFileType = sourcecode.swift; path = CustomOverlay.swift; sourceTree = "<group>"; };
		214E80DD25F02C6500B13CE4 /* BottomPopUp.swift */ = {isa = PBXFileReference; lastKnownFileType = sourcecode.swift; path = BottomPopUp.swift; sourceTree = "<group>"; };
		214E811F25F16D5500B13CE4 /* Font.swift */ = {isa = PBXFileReference; lastKnownFileType = sourcecode.swift; path = Font.swift; sourceTree = "<group>"; };
		214E812225F16E2500B13CE4 /* UIColor+Utils.swift */ = {isa = PBXFileReference; lastKnownFileType = sourcecode.swift; path = "UIColor+Utils.swift"; sourceTree = "<group>"; };
		214E81C825F2314800B13CE4 /* TopPopUp.swift */ = {isa = PBXFileReference; lastKnownFileType = sourcecode.swift; path = TopPopUp.swift; sourceTree = "<group>"; };
		214E81CB25F233D300B13CE4 /* ViewComponentTest.storyboard */ = {isa = PBXFileReference; lastKnownFileType = file.storyboard; path = ViewComponentTest.storyboard; sourceTree = "<group>"; };
		214E81CE25F233E900B13CE4 /* ViewComponentTestViewController.swift */ = {isa = PBXFileReference; lastKnownFileType = sourcecode.swift; path = ViewComponentTestViewController.swift; sourceTree = "<group>"; };
		2185052525E9015100A9D46C /* CloudStorageApi.swift */ = {isa = PBXFileReference; lastKnownFileType = sourcecode.swift; path = CloudStorageApi.swift; sourceTree = "<group>"; };
		2185052825E941BC00A9D46C /* CloudStorageTest.storyboard */ = {isa = PBXFileReference; lastKnownFileType = file.storyboard; path = CloudStorageTest.storyboard; sourceTree = "<group>"; };
		2185052B25E941E900A9D46C /* CloudStorageTestViewController.swift */ = {isa = PBXFileReference; lastKnownFileType = sourcecode.swift; path = CloudStorageTestViewController.swift; sourceTree = "<group>"; };
		2185054D25E98B3A00A9D46C /* Core.swift */ = {isa = PBXFileReference; lastKnownFileType = sourcecode.swift; path = Core.swift; sourceTree = "<group>"; };
		2185055325EA75EC00A9D46C /* Error.swift */ = {isa = PBXFileReference; lastKnownFileType = sourcecode.swift; path = Error.swift; sourceTree = "<group>"; };
		2185055825EA8E7F00A9D46C /* Notifiable.swift */ = {isa = PBXFileReference; lastKnownFileType = sourcecode.swift; path = Notifiable.swift; sourceTree = "<group>"; };
		21A8364625E02252005933AE /* FirestoreTest.storyboard */ = {isa = PBXFileReference; lastKnownFileType = file.storyboard; path = FirestoreTest.storyboard; sourceTree = "<group>"; };
		21A8364C25E022DC005933AE /* FirestoreTestViewController.swift */ = {isa = PBXFileReference; lastKnownFileType = sourcecode.swift; path = FirestoreTestViewController.swift; sourceTree = "<group>"; };
		21A8365125E023E4005933AE /* FirestoreApi.swift */ = {isa = PBXFileReference; lastKnownFileType = sourcecode.swift; path = FirestoreApi.swift; sourceTree = "<group>"; };
		21A8367025E0364B005933AE /* RecipeExt.swift */ = {isa = PBXFileReference; lastKnownFileType = sourcecode.swift; path = RecipeExt.swift; sourceTree = "<group>"; };
		21F2AE4225E2881900C6F973 /* Recipe.swift */ = {isa = PBXFileReference; fileEncoding = 4; lastKnownFileType = sourcecode.swift; path = Recipe.swift; sourceTree = "<group>"; };
		21F2AE4625E288ED00C6F973 /* UpdateTrackableProtocol.swift */ = {isa = PBXFileReference; lastKnownFileType = sourcecode.swift; path = UpdateTrackableProtocol.swift; sourceTree = "<group>"; };
		21F2AE4A25E2DFA300C6F973 /* RecipeComponents.swift */ = {isa = PBXFileReference; lastKnownFileType = sourcecode.swift; path = RecipeComponents.swift; sourceTree = "<group>"; };
		21F2AE5125E3A39600C6F973 /* User.swift */ = {isa = PBXFileReference; lastKnownFileType = sourcecode.swift; path = User.swift; sourceTree = "<group>"; };
		21F2AE5525E3B44300C6F973 /* CrudProtocol.swift */ = {isa = PBXFileReference; lastKnownFileType = sourcecode.swift; path = CrudProtocol.swift; sourceTree = "<group>"; };
		8432C4FF25F45CF500564AD2 /* TimerViewController.swift */ = {isa = PBXFileReference; lastKnownFileType = sourcecode.swift; path = TimerViewController.swift; sourceTree = "<group>"; };
		84A885FF25DD9374004684DA /* GoogleService-Info.plist */ = {isa = PBXFileReference; fileEncoding = 4; lastKnownFileType = text.plist.xml; path = "GoogleService-Info.plist"; sourceTree = "<group>"; };
		84A8865E25E3316A004684DA /* swift+gif.swift */ = {isa = PBXFileReference; lastKnownFileType = sourcecode.swift; path = "swift+gif.swift"; sourceTree = "<group>"; };
		84A8866125E3317F004684DA /* flavors-of-youth.gif */ = {isa = PBXFileReference; lastKnownFileType = image.gif; path = "flavors-of-youth.gif"; sourceTree = "<group>"; };
		84A8866D25E33B0C004684DA /* LaunchScreenController.swift */ = {isa = PBXFileReference; lastKnownFileType = sourcecode.swift; path = LaunchScreenController.swift; sourceTree = "<group>"; };
		84A8867B25E34EAA004684DA /* SignUpViewController.swift */ = {isa = PBXFileReference; lastKnownFileType = sourcecode.swift; path = SignUpViewController.swift; sourceTree = "<group>"; };
		89B911A85F24D0BE5EC25DF1 /* Pods-YumFun.release.xcconfig */ = {isa = PBXFileReference; includeInIndex = 1; lastKnownFileType = text.xcconfig; name = "Pods-YumFun.release.xcconfig"; path = "Target Support Files/Pods-YumFun/Pods-YumFun.release.xcconfig"; sourceTree = "<group>"; };
		A137B1B925ED4EA2009A661D /* Utility.swift */ = {isa = PBXFileReference; lastKnownFileType = sourcecode.swift; path = Utility.swift; sourceTree = "<group>"; };
		A1A58A4025ED8FAC00AE7B1A /* DiscoverTextCell.swift */ = {isa = PBXFileReference; fileEncoding = 4; lastKnownFileType = sourcecode.swift; path = DiscoverTextCell.swift; sourceTree = "<group>"; };
		A1A58A4125ED8FAC00AE7B1A /* DiscoverImageCell.swift */ = {isa = PBXFileReference; fileEncoding = 4; lastKnownFileType = sourcecode.swift; path = DiscoverImageCell.swift; sourceTree = "<group>"; };
		A1A58A4225ED8FAC00AE7B1A /* CircularImageView.swift */ = {isa = PBXFileReference; fileEncoding = 4; lastKnownFileType = sourcecode.swift; path = CircularImageView.swift; sourceTree = "<group>"; };
		A1A58A4325ED8FAC00AE7B1A /* DiscoverViewController.swift */ = {isa = PBXFileReference; fileEncoding = 4; lastKnownFileType = sourcecode.swift; path = DiscoverViewController.swift; sourceTree = "<group>"; };
		A1A58A4425ED8FAC00AE7B1A /* RecipeDetailViewController.swift */ = {isa = PBXFileReference; fileEncoding = 4; lastKnownFileType = sourcecode.swift; path = RecipeDetailViewController.swift; sourceTree = "<group>"; };
		A1A58A4C25ED8FBA00AE7B1A /* PrepareViewController.swift */ = {isa = PBXFileReference; fileEncoding = 4; lastKnownFileType = sourcecode.swift; path = PrepareViewController.swift; sourceTree = "<group>"; };
		A1A58A4F25ED8FC800AE7B1A /* Cooking.storyboard */ = {isa = PBXFileReference; fileEncoding = 4; lastKnownFileType = file.storyboard; path = Cooking.storyboard; sourceTree = "<group>"; };
		A1A58A5425ED8FD700AE7B1A /* ModelDataHandler.swift */ = {isa = PBXFileReference; fileEncoding = 4; lastKnownFileType = sourcecode.swift; path = ModelDataHandler.swift; sourceTree = "<group>"; };
		A1A58A5625ED8FD700AE7B1A /* CVPixelBufferExtension.swift */ = {isa = PBXFileReference; fileEncoding = 4; lastKnownFileType = sourcecode.swift; path = CVPixelBufferExtension.swift; sourceTree = "<group>"; };
		A1A58A5825ED8FD700AE7B1A /* labels.txt */ = {isa = PBXFileReference; fileEncoding = 4; lastKnownFileType = text; path = labels.txt; sourceTree = "<group>"; };
		A1A58A5925ED8FD700AE7B1A /* model.tflite */ = {isa = PBXFileReference; lastKnownFileType = file; path = model.tflite; sourceTree = "<group>"; };
		A1A58A5B25ED8FD700AE7B1A /* PreviewView.swift */ = {isa = PBXFileReference; fileEncoding = 4; lastKnownFileType = sourcecode.swift; path = PreviewView.swift; sourceTree = "<group>"; };
		A1A58A5C25ED8FD700AE7B1A /* CameraFeedManager.swift */ = {isa = PBXFileReference; fileEncoding = 4; lastKnownFileType = sourcecode.swift; path = CameraFeedManager.swift; sourceTree = "<group>"; };
		A1A58A6825ED925800AE7B1A /* AvatarCell.swift */ = {isa = PBXFileReference; lastKnownFileType = sourcecode.swift; path = AvatarCell.swift; sourceTree = "<group>"; };
		A1A58A6B25ED94C600AE7B1A /* StepCell.swift */ = {isa = PBXFileReference; lastKnownFileType = sourcecode.swift; path = StepCell.swift; sourceTree = "<group>"; };
		A1A58B7A25F0392000AE7B1A /* CookingViewController.swift */ = {isa = PBXFileReference; lastKnownFileType = sourcecode.swift; path = CookingViewController.swift; sourceTree = "<group>"; };
		A1A58BBE25F23B4800AE7B1A /* CookingStepCell.swift */ = {isa = PBXFileReference; lastKnownFileType = sourcecode.swift; path = CookingStepCell.swift; sourceTree = "<group>"; };
		A1A58BE425F2668F00AE7B1A /* StepDetailViewController.swift */ = {isa = PBXFileReference; lastKnownFileType = sourcecode.swift; path = StepDetailViewController.swift; sourceTree = "<group>"; };
		C54B905E25EF604C00DCE690 /* UserListViewController.swift */ = {isa = PBXFileReference; lastKnownFileType = sourcecode.swift; path = UserListViewController.swift; sourceTree = "<group>"; };
		C54B906125EF66A800DCE690 /* UserCell.swift */ = {isa = PBXFileReference; lastKnownFileType = sourcecode.swift; path = UserCell.swift; sourceTree = "<group>"; };
		C56C5D0C25E4524900DD1CD7 /* RecipePreviewCellController.swift */ = {isa = PBXFileReference; fileEncoding = 4; lastKnownFileType = sourcecode.swift; path = RecipePreviewCellController.swift; sourceTree = "<group>"; };
		C56C5D0D25E4524900DD1CD7 /* ProfileViewController.swift */ = {isa = PBXFileReference; fileEncoding = 4; lastKnownFileType = sourcecode.swift; path = ProfileViewController.swift; sourceTree = "<group>"; };
		C56C5D0E25E4524900DD1CD7 /* ProfileEditPage.swift */ = {isa = PBXFileReference; fileEncoding = 4; lastKnownFileType = sourcecode.swift; path = ProfileEditPage.swift; sourceTree = "<group>"; };
		C57662B725DBF9D600642CF2 /* YumFun.app */ = {isa = PBXFileReference; explicitFileType = wrapper.application; includeInIndex = 0; path = YumFun.app; sourceTree = BUILT_PRODUCTS_DIR; };
		C57662BA25DBF9D600642CF2 /* AppDelegate.swift */ = {isa = PBXFileReference; lastKnownFileType = sourcecode.swift; path = AppDelegate.swift; sourceTree = "<group>"; };
		C57662BC25DBF9D600642CF2 /* SceneDelegate.swift */ = {isa = PBXFileReference; lastKnownFileType = sourcecode.swift; path = SceneDelegate.swift; sourceTree = "<group>"; };
		C57662BE25DBF9D600642CF2 /* ViewController.swift */ = {isa = PBXFileReference; lastKnownFileType = sourcecode.swift; path = ViewController.swift; sourceTree = "<group>"; };
		C57662C125DBF9D600642CF2 /* Base */ = {isa = PBXFileReference; lastKnownFileType = file.storyboard; name = Base; path = Base.lproj/Main.storyboard; sourceTree = "<group>"; };
		C57662C325DBF9D700642CF2 /* Assets.xcassets */ = {isa = PBXFileReference; lastKnownFileType = folder.assetcatalog; path = Assets.xcassets; sourceTree = "<group>"; };
		C57662C625DBF9D700642CF2 /* Base */ = {isa = PBXFileReference; lastKnownFileType = file.storyboard; name = Base; path = Base.lproj/LaunchScreen.storyboard; sourceTree = "<group>"; };
		C57662C825DBF9D700642CF2 /* Info.plist */ = {isa = PBXFileReference; lastKnownFileType = text.plist.xml; path = Info.plist; sourceTree = "<group>"; };
		C588202825EF7B4300FC2540 /* PlaceholderImage.swift */ = {isa = PBXFileReference; lastKnownFileType = sourcecode.swift; path = PlaceholderImage.swift; sourceTree = "<group>"; };
		C5F6B44D25E7218100EA5ACE /* EditDetailController.swift */ = {isa = PBXFileReference; lastKnownFileType = sourcecode.swift; path = EditDetailController.swift; sourceTree = "<group>"; };
		C5FD261025EC0E2200EA28E0 /* ImagePickerManager.swift */ = {isa = PBXFileReference; lastKnownFileType = sourcecode.swift; path = ImagePickerManager.swift; sourceTree = "<group>"; };
		EF9A1E2D25F2E6C400F732D3 /* RecipeInput.storyboard */ = {isa = PBXFileReference; lastKnownFileType = file.storyboard; path = RecipeInput.storyboard; sourceTree = "<group>"; };
		EF9A1E3025F2E73100F732D3 /* InputRecipeStepsViewController.swift */ = {isa = PBXFileReference; lastKnownFileType = sourcecode.swift; path = InputRecipeStepsViewController.swift; sourceTree = "<group>"; };
		EF9A1E3325F2E73F00F732D3 /* EditStepViewController.swift */ = {isa = PBXFileReference; lastKnownFileType = sourcecode.swift; path = EditStepViewController.swift; sourceTree = "<group>"; };
		EF9A1E3625F2E74D00F732D3 /* RecipeSaveViewController.swift */ = {isa = PBXFileReference; lastKnownFileType = sourcecode.swift; path = RecipeSaveViewController.swift; sourceTree = "<group>"; };
		EF9A1E3925F2E76000F732D3 /* RecipeSearchViewController.swift */ = {isa = PBXFileReference; lastKnownFileType = sourcecode.swift; path = RecipeSearchViewController.swift; sourceTree = "<group>"; };
		EF9A1E3C25F2E76F00F732D3 /* ChooseRecipeInputViewController.swift */ = {isa = PBXFileReference; lastKnownFileType = sourcecode.swift; path = ChooseRecipeInputViewController.swift; sourceTree = "<group>"; };
		EFC74C0625EC5E120037CFEC /* StartRecipeInputViewController.swift */ = {isa = PBXFileReference; lastKnownFileType = sourcecode.swift; path = StartRecipeInputViewController.swift; sourceTree = "<group>"; };
		EFC74C0925EC5EC20037CFEC /* SecondRecipeInputViewController.swift */ = {isa = PBXFileReference; lastKnownFileType = sourcecode.swift; path = SecondRecipeInputViewController.swift; sourceTree = "<group>"; };
		EFC74C1025EC5F700037CFEC /* InputRecipeIngredientsViewController.swift */ = {isa = PBXFileReference; lastKnownFileType = sourcecode.swift; path = InputRecipeIngredientsViewController.swift; sourceTree = "<group>"; };
		EFC74C1325EC5FE30037CFEC /* EditIngredientViewController.swift */ = {isa = PBXFileReference; lastKnownFileType = sourcecode.swift; path = EditIngredientViewController.swift; sourceTree = "<group>"; };
/* End PBXFileReference section */

/* Begin PBXFrameworksBuildPhase section */
		C57662B425DBF9D600642CF2 /* Frameworks */ = {
			isa = PBXFrameworksBuildPhase;
			buildActionMask = 2147483647;
			files = (
				27EEED4B96116007E5C80910 /* Pods_YumFun.framework in Frameworks */,
			);
			runOnlyForDeploymentPostprocessing = 0;
		};
/* End PBXFrameworksBuildPhase section */

/* Begin PBXGroup section */
		214E804525F0107A00B13CE4 /* CustomImageClipController */ = {
			isa = PBXGroup;
			children = (
				214E804625F010A700B13CE4 /* CustomImageClipViewController.swift */,
				214E804925F010CF00B13CE4 /* CustomOverlay.swift */,
			);
			path = CustomImageClipController;
			sourceTree = "<group>";
		};
		214E80DC25F02C5600B13CE4 /* Components */ = {
			isa = PBXGroup;
			children = (
				214E80DD25F02C6500B13CE4 /* BottomPopUp.swift */,
				214E81C825F2314800B13CE4 /* TopPopUp.swift */,
			);
			path = Components;
			sourceTree = "<group>";
		};
		2185054C25E9896800A9D46C /* Core */ = {
			isa = PBXGroup;
			children = (
				2185054D25E98B3A00A9D46C /* Core.swift */,
				2185055325EA75EC00A9D46C /* Error.swift */,
			);
			path = Core;
			sourceTree = "<group>";
		};
		2185055725EA8E5A00A9D46C /* PropertyWrappers */ = {
			isa = PBXGroup;
			children = (
				2185055825EA8E7F00A9D46C /* Notifiable.swift */,
			);
			path = PropertyWrappers;
			sourceTree = "<group>";
		};
		21A8364925E022AC005933AE /* Tests */ = {
			isa = PBXGroup;
			children = (
				21A8364625E02252005933AE /* FirestoreTest.storyboard */,
				2185052825E941BC00A9D46C /* CloudStorageTest.storyboard */,
				214E7E8C25ED11C200B13CE4 /* CollabTest.storyboard */,
				214E81CB25F233D300B13CE4 /* ViewComponentTest.storyboard */,
			);
			path = Tests;
			sourceTree = "<group>";
		};
		21A8364B25E022CA005933AE /* Tests */ = {
			isa = PBXGroup;
			children = (
				21A8364C25E022DC005933AE /* FirestoreTestViewController.swift */,
				2185052B25E941E900A9D46C /* CloudStorageTestViewController.swift */,
				214E7E8F25ED11D700B13CE4 /* CollabTestViewController.swift */,
				214E81CE25F233E900B13CE4 /* ViewComponentTestViewController.swift */,
			);
			path = Tests;
			sourceTree = "<group>";
		};
		21A8365025E023A3005933AE /* Services */ = {
			isa = PBXGroup;
			children = (
				21A8365125E023E4005933AE /* FirestoreApi.swift */,
				2185052525E9015100A9D46C /* CloudStorageApi.swift */,
			);
			path = Services;
			sourceTree = "<group>";
		};
		21A8366F25E0362B005933AE /* Extensions */ = {
			isa = PBXGroup;
			children = (
				21A8367025E0364B005933AE /* RecipeExt.swift */,
				214E7F9225EFB27000B13CE4 /* NotificationType.swift */,
			);
			path = Extensions;
			sourceTree = "<group>";
		};
		21F2AE2425E2870900C6F973 /* Protocols */ = {
			isa = PBXGroup;
			children = (
				21F2AE4625E288ED00C6F973 /* UpdateTrackableProtocol.swift */,
				21F2AE5525E3B44300C6F973 /* CrudProtocol.swift */,
			);
			path = Protocols;
			sourceTree = "<group>";
		};
		21F2AE4125E287FC00C6F973 /* Models */ = {
			isa = PBXGroup;
			children = (
				21F2AE4225E2881900C6F973 /* Recipe.swift */,
				21F2AE5125E3A39600C6F973 /* User.swift */,
				21F2AE4A25E2DFA300C6F973 /* RecipeComponents.swift */,
				C5FD261025EC0E2200EA28E0 /* ImagePickerManager.swift */,
				214E7E8925ECC6D000B13CE4 /* CollabSession.swift */,
			);
			path = Models;
			sourceTree = "<group>";
		};
		21F2AE7E25E3CC0300C6F973 /* Supporting Files */ = {
			isa = PBXGroup;
			children = (
			);
			path = "Supporting Files";
			sourceTree = "<group>";
		};
		2524DFB5F3339D736582D1D2 /* Frameworks */ = {
			isa = PBXGroup;
			children = (
				0F8AF42751F2B66D075A2993 /* Pods_YumFun.framework */,
			);
			name = Frameworks;
			sourceTree = "<group>";
		};
		32B98297541E3E0DA7B82006 /* Pods */ = {
			isa = PBXGroup;
			children = (
				19808E7616160D342C2D7749 /* Pods-YumFun.debug.xcconfig */,
				89B911A85F24D0BE5EC25DF1 /* Pods-YumFun.release.xcconfig */,
			);
			path = Pods;
			sourceTree = "<group>";
		};
		A137B1B825ED4E8B009A661D /* Utility */ = {
			isa = PBXGroup;
			children = (
				A137B1B925ED4EA2009A661D /* Utility.swift */,
				C588202825EF7B4300FC2540 /* PlaceholderImage.swift */,
				214E811F25F16D5500B13CE4 /* Font.swift */,
				214E812225F16E2500B13CE4 /* UIColor+Utils.swift */,
			);
			path = Utility;
			sourceTree = "<group>";
		};
		A1A58A3F25ED8FAC00AE7B1A /* Discover */ = {
			isa = PBXGroup;
			children = (
				A1A58A4025ED8FAC00AE7B1A /* DiscoverTextCell.swift */,
				A1A58A4125ED8FAC00AE7B1A /* DiscoverImageCell.swift */,
				A1A58A4225ED8FAC00AE7B1A /* CircularImageView.swift */,
				A1A58A4325ED8FAC00AE7B1A /* DiscoverViewController.swift */,
				A1A58A4425ED8FAC00AE7B1A /* RecipeDetailViewController.swift */,
			);
			path = Discover;
			sourceTree = "<group>";
		};
		A1A58A4B25ED8FBA00AE7B1A /* CookingMode */ = {
			isa = PBXGroup;
			children = (
				A1A58A4C25ED8FBA00AE7B1A /* PrepareViewController.swift */,
				A1A58A6825ED925800AE7B1A /* AvatarCell.swift */,
				A1A58B7A25F0392000AE7B1A /* CookingViewController.swift */,
				A1A58A6B25ED94C600AE7B1A /* StepCell.swift */,
				A1A58BBE25F23B4800AE7B1A /* CookingStepCell.swift */,
				A1A58BE425F2668F00AE7B1A /* StepDetailViewController.swift */,
			);
			path = CookingMode;
			sourceTree = "<group>";
		};
		A1A58A5225ED8FD700AE7B1A /* GestureRecognition */ = {
			isa = PBXGroup;
			children = (
				A1A58A5325ED8FD700AE7B1A /* ModelDataHandler */,
				A1A58A5525ED8FD700AE7B1A /* Extensions */,
				A1A58A5725ED8FD700AE7B1A /* Model */,
				A1A58A5A25ED8FD700AE7B1A /* Camera Feed */,
			);
			path = GestureRecognition;
			sourceTree = "<group>";
		};
		A1A58A5325ED8FD700AE7B1A /* ModelDataHandler */ = {
			isa = PBXGroup;
			children = (
				A1A58A5425ED8FD700AE7B1A /* ModelDataHandler.swift */,
			);
			path = ModelDataHandler;
			sourceTree = "<group>";
		};
		A1A58A5525ED8FD700AE7B1A /* Extensions */ = {
			isa = PBXGroup;
			children = (
				A1A58A5625ED8FD700AE7B1A /* CVPixelBufferExtension.swift */,
			);
			path = Extensions;
			sourceTree = "<group>";
		};
		A1A58A5725ED8FD700AE7B1A /* Model */ = {
			isa = PBXGroup;
			children = (
				A1A58A5825ED8FD700AE7B1A /* labels.txt */,
				A1A58A5925ED8FD700AE7B1A /* model.tflite */,
			);
			path = Model;
			sourceTree = "<group>";
		};
		A1A58A5A25ED8FD700AE7B1A /* Camera Feed */ = {
			isa = PBXGroup;
			children = (
				A1A58A5B25ED8FD700AE7B1A /* PreviewView.swift */,
				A1A58A5C25ED8FD700AE7B1A /* CameraFeedManager.swift */,
			);
			path = "Camera Feed";
			sourceTree = "<group>";
		};
		C56C5D0B25E4522000DD1CD7 /* Profile */ = {
			isa = PBXGroup;
			children = (
				C56C5D0E25E4524900DD1CD7 /* ProfileEditPage.swift */,
				C5F6B44D25E7218100EA5ACE /* EditDetailController.swift */,
				C56C5D0D25E4524900DD1CD7 /* ProfileViewController.swift */,
				C56C5D0C25E4524900DD1CD7 /* RecipePreviewCellController.swift */,
				C54B905E25EF604C00DCE690 /* UserListViewController.swift */,
				C54B906125EF66A800DCE690 /* UserCell.swift */,
			);
			path = Profile;
			sourceTree = "<group>";
		};
		C57662AE25DBF9D600642CF2 = {
			isa = PBXGroup;
			children = (
				C57662B925DBF9D600642CF2 /* YumFun */,
				C57662B825DBF9D600642CF2 /* Products */,
				32B98297541E3E0DA7B82006 /* Pods */,
				2524DFB5F3339D736582D1D2 /* Frameworks */,
			);
			sourceTree = "<group>";
		};
		C57662B825DBF9D600642CF2 /* Products */ = {
			isa = PBXGroup;
			children = (
				C57662B725DBF9D600642CF2 /* YumFun.app */,
			);
			name = Products;
			sourceTree = "<group>";
		};
		C57662B925DBF9D600642CF2 /* YumFun */ = {
			isa = PBXGroup;
			children = (
				214E80DC25F02C5600B13CE4 /* Components */,
				2185055725EA8E5A00A9D46C /* PropertyWrappers */,
				2185054C25E9896800A9D46C /* Core */,
				21F2AE2425E2870900C6F973 /* Protocols */,
				21A8366F25E0362B005933AE /* Extensions */,
				21A8365025E023A3005933AE /* Services */,
				21F2AE4125E287FC00C6F973 /* Models */,
				C57662DF25DBFF4100642CF2 /* Views */,
				A137B1B825ED4E8B009A661D /* Utility */,
				A1A58A5225ED8FD700AE7B1A /* GestureRecognition */,
				C57662DD25DBFEF400642CF2 /* Controllers */,
				21F2AE7E25E3CC0300C6F973 /* Supporting Files */,
				C57662C325DBF9D700642CF2 /* Assets.xcassets */,
				C57662C825DBF9D700642CF2 /* Info.plist */,
				84A885FF25DD9374004684DA /* GoogleService-Info.plist */,
			);
			path = YumFun;
			sourceTree = "<group>";
		};
		C57662DD25DBFEF400642CF2 /* Controllers */ = {
			isa = PBXGroup;
			children = (
				214E804525F0107A00B13CE4 /* CustomImageClipController */,
				A1A58A4B25ED8FBA00AE7B1A /* CookingMode */,
				A1A58A3F25ED8FAC00AE7B1A /* Discover */,
				EFC74C0525EC5DDF0037CFEC /* RecipeInput */,
				C56C5D0B25E4522000DD1CD7 /* Profile */,
				21A8364B25E022CA005933AE /* Tests */,
				C57662BE25DBF9D600642CF2 /* ViewController.swift */,
				C57662BC25DBF9D600642CF2 /* SceneDelegate.swift */,
				C57662BA25DBF9D600642CF2 /* AppDelegate.swift */,
				84A8865E25E3316A004684DA /* swift+gif.swift */,
				84A8866125E3317F004684DA /* flavors-of-youth.gif */,
				84A8866D25E33B0C004684DA /* LaunchScreenController.swift */,
				84A8867B25E34EAA004684DA /* SignUpViewController.swift */,
				214E7F8F25EFA55000B13CE4 /* CustomTabBarViewController.swift */,
				8432C4FF25F45CF500564AD2 /* TimerViewController.swift */,
			);
			path = Controllers;
			sourceTree = "<group>";
		};
		C57662DF25DBFF4100642CF2 /* Views */ = {
			isa = PBXGroup;
			children = (
				21A8364925E022AC005933AE /* Tests */,
				C57662C525DBF9D700642CF2 /* LaunchScreen.storyboard */,
				C57662C025DBF9D600642CF2 /* Main.storyboard */,
				A1A58A4F25ED8FC800AE7B1A /* Cooking.storyboard */,
				EF9A1E2D25F2E6C400F732D3 /* RecipeInput.storyboard */,
			);
			path = Views;
			sourceTree = "<group>";
		};
		EFC74C0525EC5DDF0037CFEC /* RecipeInput */ = {
			isa = PBXGroup;
			children = (
				EFC74C0625EC5E120037CFEC /* StartRecipeInputViewController.swift */,
				EFC74C0925EC5EC20037CFEC /* SecondRecipeInputViewController.swift */,
				EFC74C1025EC5F700037CFEC /* InputRecipeIngredientsViewController.swift */,
				EFC74C1325EC5FE30037CFEC /* EditIngredientViewController.swift */,
				EF9A1E3025F2E73100F732D3 /* InputRecipeStepsViewController.swift */,
				EF9A1E3325F2E73F00F732D3 /* EditStepViewController.swift */,
				EF9A1E3625F2E74D00F732D3 /* RecipeSaveViewController.swift */,
				EF9A1E3925F2E76000F732D3 /* RecipeSearchViewController.swift */,
				EF9A1E3C25F2E76F00F732D3 /* ChooseRecipeInputViewController.swift */,
			);
			path = RecipeInput;
			sourceTree = "<group>";
		};
/* End PBXGroup section */

/* Begin PBXNativeTarget section */
		C57662B625DBF9D600642CF2 /* YumFun */ = {
			isa = PBXNativeTarget;
			buildConfigurationList = C57662CB25DBF9D700642CF2 /* Build configuration list for PBXNativeTarget "YumFun" */;
			buildPhases = (
				7E0BADBC16ED92EF74F42FE1 /* [CP] Check Pods Manifest.lock */,
				C57662B325DBF9D600642CF2 /* Sources */,
				C57662B425DBF9D600642CF2 /* Frameworks */,
				C57662B525DBF9D600642CF2 /* Resources */,
				DF0D1EB9A773047130C4EE20 /* [CP] Embed Pods Frameworks */,
			);
			buildRules = (
			);
			dependencies = (
			);
			name = YumFun;
			productName = YumFun;
			productReference = C57662B725DBF9D600642CF2 /* YumFun.app */;
			productType = "com.apple.product-type.application";
		};
/* End PBXNativeTarget section */

/* Begin PBXProject section */
		C57662AF25DBF9D600642CF2 /* Project object */ = {
			isa = PBXProject;
			attributes = {
				LastSwiftUpdateCheck = 1240;
				LastUpgradeCheck = 1240;
				TargetAttributes = {
					C57662B625DBF9D600642CF2 = {
						CreatedOnToolsVersion = 12.4;
					};
				};
			};
			buildConfigurationList = C57662B225DBF9D600642CF2 /* Build configuration list for PBXProject "YumFun" */;
			compatibilityVersion = "Xcode 12.0";
			developmentRegion = en;
			hasScannedForEncodings = 0;
			knownRegions = (
				en,
				Base,
			);
			mainGroup = C57662AE25DBF9D600642CF2;
			productRefGroup = C57662B825DBF9D600642CF2 /* Products */;
			projectDirPath = "";
			projectRoot = "";
			targets = (
				C57662B625DBF9D600642CF2 /* YumFun */,
			);
		};
/* End PBXProject section */

/* Begin PBXResourcesBuildPhase section */
		C57662B525DBF9D600642CF2 /* Resources */ = {
			isa = PBXResourcesBuildPhase;
			buildActionMask = 2147483647;
			files = (
				A1A58A6025ED8FD700AE7B1A /* model.tflite in Resources */,
				214E81CC25F233D300B13CE4 /* ViewComponentTest.storyboard in Resources */,
				21A8364725E02252005933AE /* FirestoreTest.storyboard in Resources */,
				214E7E8D25ED11C200B13CE4 /* CollabTest.storyboard in Resources */,
				2185052925E941BC00A9D46C /* CloudStorageTest.storyboard in Resources */,
				EF9A1E2E25F2E6C400F732D3 /* RecipeInput.storyboard in Resources */,
				84A8866225E3317F004684DA /* flavors-of-youth.gif in Resources */,
				A1A58A5025ED8FC800AE7B1A /* Cooking.storyboard in Resources */,
				C57662C725DBF9D700642CF2 /* LaunchScreen.storyboard in Resources */,
				C57662C425DBF9D700642CF2 /* Assets.xcassets in Resources */,
				A1A58A5F25ED8FD700AE7B1A /* labels.txt in Resources */,
				C57662C225DBF9D600642CF2 /* Main.storyboard in Resources */,
				84A8860025DD9374004684DA /* GoogleService-Info.plist in Resources */,
			);
			runOnlyForDeploymentPostprocessing = 0;
		};
/* End PBXResourcesBuildPhase section */

/* Begin PBXShellScriptBuildPhase section */
		7E0BADBC16ED92EF74F42FE1 /* [CP] Check Pods Manifest.lock */ = {
			isa = PBXShellScriptBuildPhase;
			buildActionMask = 2147483647;
			files = (
			);
			inputFileListPaths = (
			);
			inputPaths = (
				"${PODS_PODFILE_DIR_PATH}/Podfile.lock",
				"${PODS_ROOT}/Manifest.lock",
			);
			name = "[CP] Check Pods Manifest.lock";
			outputFileListPaths = (
			);
			outputPaths = (
				"$(DERIVED_FILE_DIR)/Pods-YumFun-checkManifestLockResult.txt",
			);
			runOnlyForDeploymentPostprocessing = 0;
			shellPath = /bin/sh;
			shellScript = "diff \"${PODS_PODFILE_DIR_PATH}/Podfile.lock\" \"${PODS_ROOT}/Manifest.lock\" > /dev/null\nif [ $? != 0 ] ; then\n    # print error to STDERR\n    echo \"error: The sandbox is not in sync with the Podfile.lock. Run 'pod install' or update your CocoaPods installation.\" >&2\n    exit 1\nfi\n# This output is used by Xcode 'outputs' to avoid re-running this script phase.\necho \"SUCCESS\" > \"${SCRIPT_OUTPUT_FILE_0}\"\n";
			showEnvVarsInLog = 0;
		};
		DF0D1EB9A773047130C4EE20 /* [CP] Embed Pods Frameworks */ = {
			isa = PBXShellScriptBuildPhase;
			buildActionMask = 2147483647;
			files = (
			);
			inputFileListPaths = (
				"${PODS_ROOT}/Target Support Files/Pods-YumFun/Pods-YumFun-frameworks-${CONFIGURATION}-input-files.xcfilelist",
			);
			name = "[CP] Embed Pods Frameworks";
			outputFileListPaths = (
				"${PODS_ROOT}/Target Support Files/Pods-YumFun/Pods-YumFun-frameworks-${CONFIGURATION}-output-files.xcfilelist",
			);
			runOnlyForDeploymentPostprocessing = 0;
			shellPath = /bin/sh;
			shellScript = "\"${PODS_ROOT}/Target Support Files/Pods-YumFun/Pods-YumFun-frameworks.sh\"\n";
			showEnvVarsInLog = 0;
		};
/* End PBXShellScriptBuildPhase section */

/* Begin PBXSourcesBuildPhase section */
		C57662B325DBF9D600642CF2 /* Sources */ = {
			isa = PBXSourcesBuildPhase;
			buildActionMask = 2147483647;
			files = (
				EF9A1E3725F2E74D00F732D3 /* RecipeSaveViewController.swift in Sources */,
				214E81C925F2314800B13CE4 /* TopPopUp.swift in Sources */,
				21F2AE4725E288ED00C6F973 /* UpdateTrackableProtocol.swift in Sources */,
				A1A58A6C25ED94C600AE7B1A /* StepCell.swift in Sources */,
				214E7F9025EFA55000B13CE4 /* CustomTabBarViewController.swift in Sources */,
				21A8365225E023E4005933AE /* FirestoreApi.swift in Sources */,
				214E7F9325EFB27000B13CE4 /* NotificationType.swift in Sources */,
				84A8865F25E3316A004684DA /* swift+gif.swift in Sources */,
				84A8866E25E33B0C004684DA /* LaunchScreenController.swift in Sources */,
				21F2AE5625E3B44300C6F973 /* CrudProtocol.swift in Sources */,
				EFC74C0A25EC5EC20037CFEC /* SecondRecipeInputViewController.swift in Sources */,
				214E804725F010A700B13CE4 /* CustomImageClipViewController.swift in Sources */,
				214E7E8A25ECC6D000B13CE4 /* CollabSession.swift in Sources */,
				A1A58A6225ED8FD700AE7B1A /* CameraFeedManager.swift in Sources */,
				C57662BF25DBF9D600642CF2 /* ViewController.swift in Sources */,
				A1A58A5D25ED8FD700AE7B1A /* ModelDataHandler.swift in Sources */,
				C56C5D1125E4524900DD1CD7 /* ProfileEditPage.swift in Sources */,
				A1A58A4825ED8FAC00AE7B1A /* DiscoverViewController.swift in Sources */,
				A1A58A4925ED8FAC00AE7B1A /* RecipeDetailViewController.swift in Sources */,
				EF9A1E3125F2E73100F732D3 /* InputRecipeStepsViewController.swift in Sources */,
				A137B1BA25ED4EA2009A661D /* Utility.swift in Sources */,
				C54B906225EF66A800DCE690 /* UserCell.swift in Sources */,
				21A8364D25E022DC005933AE /* FirestoreTestViewController.swift in Sources */,
				A1A58A5E25ED8FD700AE7B1A /* CVPixelBufferExtension.swift in Sources */,
				214E81CF25F233E900B13CE4 /* ViewComponentTestViewController.swift in Sources */,
				A1A58A4725ED8FAC00AE7B1A /* CircularImageView.swift in Sources */,
				214E80DE25F02C6500B13CE4 /* BottomPopUp.swift in Sources */,
				C5FD261125EC0E2200EA28E0 /* ImagePickerManager.swift in Sources */,
				214E812025F16D5500B13CE4 /* Font.swift in Sources */,
				2185052C25E941E900A9D46C /* CloudStorageTestViewController.swift in Sources */,
				C56C5D1025E4524900DD1CD7 /* ProfileViewController.swift in Sources */,
				A1A58BBF25F23B4800AE7B1A /* CookingStepCell.swift in Sources */,
				2185055925EA8E7F00A9D46C /* Notifiable.swift in Sources */,
				21F2AE5225E3A39600C6F973 /* User.swift in Sources */,
				EF9A1E3A25F2E76000F732D3 /* RecipeSearchViewController.swift in Sources */,
				C5F6B44E25E7218100EA5ACE /* EditDetailController.swift in Sources */,
				214E7E9025ED11D700B13CE4 /* CollabTestViewController.swift in Sources */,
				84A8867C25E34EAA004684DA /* SignUpViewController.swift in Sources */,
				C57662BB25DBF9D600642CF2 /* AppDelegate.swift in Sources */,
				A1A58A6125ED8FD700AE7B1A /* PreviewView.swift in Sources */,
				2185055425EA75EC00A9D46C /* Error.swift in Sources */,
				A1A58A4525ED8FAC00AE7B1A /* DiscoverTextCell.swift in Sources */,
				214E812325F16E2500B13CE4 /* UIColor+Utils.swift in Sources */,
				EFC74C1125EC5F700037CFEC /* InputRecipeIngredientsViewController.swift in Sources */,
				C57662BD25DBF9D600642CF2 /* SceneDelegate.swift in Sources */,
				21A8367125E0364B005933AE /* RecipeExt.swift in Sources */,
				EFC74C1425EC5FE30037CFEC /* EditIngredientViewController.swift in Sources */,
				A1A58A6925ED925800AE7B1A /* AvatarCell.swift in Sources */,
				21F2AE4B25E2DFA300C6F973 /* RecipeComponents.swift in Sources */,
				214E804A25F010CF00B13CE4 /* CustomOverlay.swift in Sources */,
				C56C5D0F25E4524900DD1CD7 /* RecipePreviewCellController.swift in Sources */,
				C54B905F25EF604C00DCE690 /* UserListViewController.swift in Sources */,
				8432C50025F45CF500564AD2 /* TimerViewController.swift in Sources */,
				EF9A1E3D25F2E76F00F732D3 /* ChooseRecipeInputViewController.swift in Sources */,
				A1A58BE525F2668F00AE7B1A /* StepDetailViewController.swift in Sources */,
				A1A58A4625ED8FAC00AE7B1A /* DiscoverImageCell.swift in Sources */,
				A1A58A4D25ED8FBA00AE7B1A /* PrepareViewController.swift in Sources */,
				C588202925EF7B4300FC2540 /* PlaceholderImage.swift in Sources */,
				A1A58B7B25F0392000AE7B1A /* CookingViewController.swift in Sources */,
				2185052625E9015100A9D46C /* CloudStorageApi.swift in Sources */,
				EF9A1E3425F2E73F00F732D3 /* EditStepViewController.swift in Sources */,
				EFC74C0725EC5E120037CFEC /* StartRecipeInputViewController.swift in Sources */,
				2185054E25E98B3A00A9D46C /* Core.swift in Sources */,
				21F2AE4325E2881900C6F973 /* Recipe.swift in Sources */,
			);
			runOnlyForDeploymentPostprocessing = 0;
		};
/* End PBXSourcesBuildPhase section */

/* Begin PBXVariantGroup section */
		C57662C025DBF9D600642CF2 /* Main.storyboard */ = {
			isa = PBXVariantGroup;
			children = (
				C57662C125DBF9D600642CF2 /* Base */,
			);
			name = Main.storyboard;
			sourceTree = "<group>";
		};
		C57662C525DBF9D700642CF2 /* LaunchScreen.storyboard */ = {
			isa = PBXVariantGroup;
			children = (
				C57662C625DBF9D700642CF2 /* Base */,
			);
			name = LaunchScreen.storyboard;
			sourceTree = "<group>";
		};
/* End PBXVariantGroup section */

/* Begin XCBuildConfiguration section */
		C57662C925DBF9D700642CF2 /* Debug */ = {
			isa = XCBuildConfiguration;
			buildSettings = {
				ALWAYS_SEARCH_USER_PATHS = NO;
				CLANG_ANALYZER_NONNULL = YES;
				CLANG_ANALYZER_NUMBER_OBJECT_CONVERSION = YES_AGGRESSIVE;
				CLANG_CXX_LANGUAGE_STANDARD = "gnu++14";
				CLANG_CXX_LIBRARY = "libc++";
				CLANG_ENABLE_MODULES = YES;
				CLANG_ENABLE_OBJC_ARC = YES;
				CLANG_ENABLE_OBJC_WEAK = YES;
				CLANG_WARN_BLOCK_CAPTURE_AUTORELEASING = YES;
				CLANG_WARN_BOOL_CONVERSION = YES;
				CLANG_WARN_COMMA = YES;
				CLANG_WARN_CONSTANT_CONVERSION = YES;
				CLANG_WARN_DEPRECATED_OBJC_IMPLEMENTATIONS = YES;
				CLANG_WARN_DIRECT_OBJC_ISA_USAGE = YES_ERROR;
				CLANG_WARN_DOCUMENTATION_COMMENTS = YES;
				CLANG_WARN_EMPTY_BODY = YES;
				CLANG_WARN_ENUM_CONVERSION = YES;
				CLANG_WARN_INFINITE_RECURSION = YES;
				CLANG_WARN_INT_CONVERSION = YES;
				CLANG_WARN_NON_LITERAL_NULL_CONVERSION = YES;
				CLANG_WARN_OBJC_IMPLICIT_RETAIN_SELF = YES;
				CLANG_WARN_OBJC_LITERAL_CONVERSION = YES;
				CLANG_WARN_OBJC_ROOT_CLASS = YES_ERROR;
				CLANG_WARN_QUOTED_INCLUDE_IN_FRAMEWORK_HEADER = YES;
				CLANG_WARN_RANGE_LOOP_ANALYSIS = YES;
				CLANG_WARN_STRICT_PROTOTYPES = YES;
				CLANG_WARN_SUSPICIOUS_MOVE = YES;
				CLANG_WARN_UNGUARDED_AVAILABILITY = YES_AGGRESSIVE;
				CLANG_WARN_UNREACHABLE_CODE = YES;
				CLANG_WARN__DUPLICATE_METHOD_MATCH = YES;
				COPY_PHASE_STRIP = NO;
				DEBUG_INFORMATION_FORMAT = dwarf;
				ENABLE_STRICT_OBJC_MSGSEND = YES;
				ENABLE_TESTABILITY = YES;
				"EXCLUDED_ARCHS[sdk=iphonesimulator*]" = arm64;
				GCC_C_LANGUAGE_STANDARD = gnu11;
				GCC_DYNAMIC_NO_PIC = NO;
				GCC_NO_COMMON_BLOCKS = YES;
				GCC_OPTIMIZATION_LEVEL = 0;
				GCC_PREPROCESSOR_DEFINITIONS = (
					"DEBUG=1",
					"$(inherited)",
				);
				GCC_WARN_64_TO_32_BIT_CONVERSION = YES;
				GCC_WARN_ABOUT_RETURN_TYPE = YES_ERROR;
				GCC_WARN_UNDECLARED_SELECTOR = YES;
				GCC_WARN_UNINITIALIZED_AUTOS = YES_AGGRESSIVE;
				GCC_WARN_UNUSED_FUNCTION = YES;
				GCC_WARN_UNUSED_VARIABLE = YES;
				IPHONEOS_DEPLOYMENT_TARGET = 14.4;
				MTL_ENABLE_DEBUG_INFO = INCLUDE_SOURCE;
				MTL_FAST_MATH = YES;
				ONLY_ACTIVE_ARCH = YES;
				SDKROOT = iphoneos;
				SWIFT_ACTIVE_COMPILATION_CONDITIONS = DEBUG;
				SWIFT_OPTIMIZATION_LEVEL = "-Onone";
			};
			name = Debug;
		};
		C57662CA25DBF9D700642CF2 /* Release */ = {
			isa = XCBuildConfiguration;
			buildSettings = {
				ALWAYS_SEARCH_USER_PATHS = NO;
				CLANG_ANALYZER_NONNULL = YES;
				CLANG_ANALYZER_NUMBER_OBJECT_CONVERSION = YES_AGGRESSIVE;
				CLANG_CXX_LANGUAGE_STANDARD = "gnu++14";
				CLANG_CXX_LIBRARY = "libc++";
				CLANG_ENABLE_MODULES = YES;
				CLANG_ENABLE_OBJC_ARC = YES;
				CLANG_ENABLE_OBJC_WEAK = YES;
				CLANG_WARN_BLOCK_CAPTURE_AUTORELEASING = YES;
				CLANG_WARN_BOOL_CONVERSION = YES;
				CLANG_WARN_COMMA = YES;
				CLANG_WARN_CONSTANT_CONVERSION = YES;
				CLANG_WARN_DEPRECATED_OBJC_IMPLEMENTATIONS = YES;
				CLANG_WARN_DIRECT_OBJC_ISA_USAGE = YES_ERROR;
				CLANG_WARN_DOCUMENTATION_COMMENTS = YES;
				CLANG_WARN_EMPTY_BODY = YES;
				CLANG_WARN_ENUM_CONVERSION = YES;
				CLANG_WARN_INFINITE_RECURSION = YES;
				CLANG_WARN_INT_CONVERSION = YES;
				CLANG_WARN_NON_LITERAL_NULL_CONVERSION = YES;
				CLANG_WARN_OBJC_IMPLICIT_RETAIN_SELF = YES;
				CLANG_WARN_OBJC_LITERAL_CONVERSION = YES;
				CLANG_WARN_OBJC_ROOT_CLASS = YES_ERROR;
				CLANG_WARN_QUOTED_INCLUDE_IN_FRAMEWORK_HEADER = YES;
				CLANG_WARN_RANGE_LOOP_ANALYSIS = YES;
				CLANG_WARN_STRICT_PROTOTYPES = YES;
				CLANG_WARN_SUSPICIOUS_MOVE = YES;
				CLANG_WARN_UNGUARDED_AVAILABILITY = YES_AGGRESSIVE;
				CLANG_WARN_UNREACHABLE_CODE = YES;
				CLANG_WARN__DUPLICATE_METHOD_MATCH = YES;
				COPY_PHASE_STRIP = NO;
				DEBUG_INFORMATION_FORMAT = "dwarf-with-dsym";
				ENABLE_NS_ASSERTIONS = NO;
				ENABLE_STRICT_OBJC_MSGSEND = YES;
				"EXCLUDED_ARCHS[sdk=iphonesimulator*]" = arm64;
				GCC_C_LANGUAGE_STANDARD = gnu11;
				GCC_NO_COMMON_BLOCKS = YES;
				GCC_WARN_64_TO_32_BIT_CONVERSION = YES;
				GCC_WARN_ABOUT_RETURN_TYPE = YES_ERROR;
				GCC_WARN_UNDECLARED_SELECTOR = YES;
				GCC_WARN_UNINITIALIZED_AUTOS = YES_AGGRESSIVE;
				GCC_WARN_UNUSED_FUNCTION = YES;
				GCC_WARN_UNUSED_VARIABLE = YES;
				IPHONEOS_DEPLOYMENT_TARGET = 14.4;
				MTL_ENABLE_DEBUG_INFO = NO;
				MTL_FAST_MATH = YES;
				SDKROOT = iphoneos;
				SWIFT_COMPILATION_MODE = wholemodule;
				SWIFT_OPTIMIZATION_LEVEL = "-O";
				VALIDATE_PRODUCT = YES;
			};
			name = Release;
		};
		C57662CC25DBF9D700642CF2 /* Debug */ = {
			isa = XCBuildConfiguration;
			baseConfigurationReference = 19808E7616160D342C2D7749 /* Pods-YumFun.debug.xcconfig */;
			buildSettings = {
				ASSETCATALOG_COMPILER_APPICON_NAME = AppIcon;
				ASSETCATALOG_COMPILER_GLOBAL_ACCENT_COLOR_NAME = AccentColor;
				CODE_SIGN_IDENTITY = "Apple Development";
				CODE_SIGN_STYLE = Automatic;
				DEVELOPMENT_TEAM = BLHQ787DMR;
				"EXCLUDED_ARCHS[sdk=iphonesimulator*]" = arm64;
				INFOPLIST_FILE = YumFun/Info.plist;
				IPHONEOS_DEPLOYMENT_TARGET = 13.2;
				LD_RUNPATH_SEARCH_PATHS = (
					"$(inherited)",
					"@executable_path/Frameworks",
				);
				PRODUCT_BUNDLE_IDENTIFIER = edu.ucdavcs.189e.CodexCoders.YumFun;
				PRODUCT_NAME = "$(TARGET_NAME)";
				PROVISIONING_PROFILE_SPECIFIER = "";
				SWIFT_VERSION = 5.0;
				TARGETED_DEVICE_FAMILY = 1;
			};
			name = Debug;
		};
		C57662CD25DBF9D700642CF2 /* Release */ = {
			isa = XCBuildConfiguration;
			baseConfigurationReference = 89B911A85F24D0BE5EC25DF1 /* Pods-YumFun.release.xcconfig */;
			buildSettings = {
				ASSETCATALOG_COMPILER_APPICON_NAME = AppIcon;
				ASSETCATALOG_COMPILER_GLOBAL_ACCENT_COLOR_NAME = AccentColor;
				CODE_SIGN_IDENTITY = "Apple Development";
				CODE_SIGN_STYLE = Automatic;
				DEVELOPMENT_TEAM = BLHQ787DMR;
				"EXCLUDED_ARCHS[sdk=iphonesimulator*]" = arm64;
				INFOPLIST_FILE = YumFun/Info.plist;
				IPHONEOS_DEPLOYMENT_TARGET = 13.2;
				LD_RUNPATH_SEARCH_PATHS = (
					"$(inherited)",
					"@executable_path/Frameworks",
				);
				PRODUCT_BUNDLE_IDENTIFIER = edu.ucdavcs.189e.CodexCoders.YumFun;
				PRODUCT_NAME = "$(TARGET_NAME)";
				PROVISIONING_PROFILE_SPECIFIER = "";
				SWIFT_VERSION = 5.0;
				TARGETED_DEVICE_FAMILY = 1;
			};
			name = Release;
		};
/* End XCBuildConfiguration section */

/* Begin XCConfigurationList section */
		C57662B225DBF9D600642CF2 /* Build configuration list for PBXProject "YumFun" */ = {
			isa = XCConfigurationList;
			buildConfigurations = (
				C57662C925DBF9D700642CF2 /* Debug */,
				C57662CA25DBF9D700642CF2 /* Release */,
			);
			defaultConfigurationIsVisible = 0;
			defaultConfigurationName = Release;
		};
		C57662CB25DBF9D700642CF2 /* Build configuration list for PBXNativeTarget "YumFun" */ = {
			isa = XCConfigurationList;
			buildConfigurations = (
				C57662CC25DBF9D700642CF2 /* Debug */,
				C57662CD25DBF9D700642CF2 /* Release */,
			);
			defaultConfigurationIsVisible = 0;
			defaultConfigurationName = Release;
		};
/* End XCConfigurationList section */
	};
	rootObject = C57662AF25DBF9D600642CF2 /* Project object */;
}
